<Project xmlns="http://schemas.microsoft.com/developer/msbuild/2003">
    <PropertyGroup>
        <ProjectGuid>{44411B54-35B5-4DF9-8ADF-E73EDFC21DE0}</ProjectGuid>
        <MainSource>VIS.dpr</MainSource>
        <Base>True</Base>
        <Config Condition="'$(Config)'==''">Release</Config>
        <AppType>Application</AppType>
        <FrameworkType>VCL</FrameworkType>
        <DCC_DCCCompiler>DCC32</DCC_DCCCompiler>
        <ProjectVersion>15.4</ProjectVersion>
        <Platform Condition="'$(Platform)'==''">Win32</Platform>
        <TargetedPlatforms>1</TargetedPlatforms>
    </PropertyGroup>
    <PropertyGroup Condition="'$(Config)'=='Base' or '$(Base)'!=''">
        <Base>true</Base>
    </PropertyGroup>
    <PropertyGroup Condition="('$(Platform)'=='Win32' and '$(Base)'=='true') or '$(Base_Win32)'!=''">
        <Base_Win32>true</Base_Win32>
        <CfgParent>Base</CfgParent>
        <Base>true</Base>
    </PropertyGroup>
    <PropertyGroup Condition="('$(Platform)'=='Win64' and '$(Base)'=='true') or '$(Base_Win64)'!=''">
        <Base_Win64>true</Base_Win64>
        <CfgParent>Base</CfgParent>
        <Base>true</Base>
    </PropertyGroup>
    <PropertyGroup Condition="'$(Config)'=='Release' or '$(Cfg_1)'!=''">
        <Cfg_1>true</Cfg_1>
        <CfgParent>Base</CfgParent>
        <Base>true</Base>
    </PropertyGroup>
    <PropertyGroup Condition="('$(Platform)'=='Win32' and '$(Cfg_1)'=='true') or '$(Cfg_1_Win32)'!=''">
        <Cfg_1_Win32>true</Cfg_1_Win32>
        <CfgParent>Cfg_1</CfgParent>
        <Cfg_1>true</Cfg_1>
        <Base>true</Base>
    </PropertyGroup>
    <PropertyGroup Condition="'$(Config)'=='Debug' or '$(Cfg_2)'!=''">
        <Cfg_2>true</Cfg_2>
        <CfgParent>Base</CfgParent>
        <Base>true</Base>
    </PropertyGroup>
    <PropertyGroup Condition="('$(Platform)'=='Win32' and '$(Cfg_2)'=='true') or '$(Cfg_2_Win32)'!=''">
        <Cfg_2_Win32>true</Cfg_2_Win32>
        <CfgParent>Cfg_2</CfgParent>
        <Cfg_2>true</Cfg_2>
        <Base>true</Base>
    </PropertyGroup>
    <PropertyGroup Condition="'$(Config)'=='Test_With_Email' or '$(Cfg_3)'!=''">
        <Cfg_3>true</Cfg_3>
        <CfgParent>Base</CfgParent>
        <Base>true</Base>
    </PropertyGroup>
    <PropertyGroup Condition="('$(Platform)'=='Win32' and '$(Cfg_3)'=='true') or '$(Cfg_3_Win32)'!=''">
        <Cfg_3_Win32>true</Cfg_3_Win32>
        <CfgParent>Cfg_3</CfgParent>
        <Cfg_3>true</Cfg_3>
        <Base>true</Base>
    </PropertyGroup>
    <PropertyGroup Condition="'$(Config)'=='NODEBUG' or '$(Cfg_5)'!=''">
        <Cfg_5>true</Cfg_5>
        <CfgParent>Base</CfgParent>
        <Base>true</Base>
    </PropertyGroup>
    <PropertyGroup Condition="'$(Base)'!=''">
        <SanitizedProjectName>VIS</SanitizedProjectName>
        <VerInfo_Build>97</VerInfo_Build>
        <VerInfo_Debug>true</VerInfo_Debug>
        <VerInfo_Keys>CompanyName=Carmak AB;FileDescription=VIS;FileVersion=2.1.2.97;InternalName=VIS;LegalCopyright=;LegalTrademarks=;OriginalFilename=VIS.exe;ProductName=Vida Information Systems;ProductVersion=Production version;Comments=</VerInfo_Keys>
        <VerInfo_IncludeVerInfo>true</VerInfo_IncludeVerInfo>
        <DCC_Namespace>Vcl;Vcl.Imaging;Vcl.Touch;Vcl.Samples;Vcl.Shell;System;Xml;Data;Datasnap;Web;Soap;Winapi;Bde;$(DCC_Namespace)</DCC_Namespace>
        <VerInfo_MajorVer>2</VerInfo_MajorVer>
        <VerInfo_MinorVer>1</VerInfo_MinorVer>
        <VerInfo_Locale>2057</VerInfo_Locale>
        <VerInfo_Release>2</VerInfo_Release>
        <DCC_ImageBase>00400000</DCC_ImageBase>
        <DCC_ExeOutput>EXE</DCC_ExeOutput>
        <DCC_UsePackage>vcl;rtl;dbrtl;adortl;vcldb;vclx;bdertl;vcldbx;ibxpress;dsnap;cds;bdecds;qrpt;teeui;teedb;tee;dss;teeqr;visualclx;visualdbclx;dsnapcrba;dsnapcon;VclSmp;vclshlctrls;vclie;xmlrtl;inet;inetdbbde;inetdbxpress;inetdb;nmfast;webdsnap;websnap;dbexpress;dbxcds;indy;dclOffice2k;CICS;ADOX;LECSGeneral;Harris;SqlDir60;kbmMemD6Run;$(DCC_UsePackage)</DCC_UsePackage>
        <DCC_MapFile>3</DCC_MapFile>
        <DCC_Description>Comms Component for SysMedia test app</DCC_Description>
        <DCC_RangeChecking>true</DCC_RangeChecking>
        <DCC_Define>LOGGER;EUREKALOG;EUREKALOG_VER6; PROFILE;$(DCC_Define)</DCC_Define>
        <DCC_Optimize>false</DCC_Optimize>
        <DCC_UNSAFE_TYPE>true</DCC_UNSAFE_TYPE>
        <DCC_K>false</DCC_K>
        <DCC_F>false</DCC_F>
        <DCC_S>false</DCC_S>
        <DCC_N>true</DCC_N>
        <DCC_E>false</DCC_E>
        <DCC_UNSAFE_CAST>true</DCC_UNSAFE_CAST>
        <DCC_UNSAFE_CODE>true</DCC_UNSAFE_CODE>
        <DCC_DcuOutput>DCU</DCC_DcuOutput>
        <DCC_SymbolReferenceInfo>1</DCC_SymbolReferenceInfo>
    </PropertyGroup>
    <PropertyGroup Condition="'$(Base_Win32)'!=''">
        <DCC_UsePackage>vclimg;dxCoreRS20;cxLibraryRS20;dxGDIPlusRS20;dxThemeRS20;cxPageControlRS20;cxDataRS20;cxEditorsRS20;dxComnRS20;cxSpreadSheetRS20;dxPSCoreRS20;dxPScxSSLnkRS20;dxLayoutControlRS20;dxSpreadSheetRS20;dxPSdxSpreadSheetLnkRS20;$(DCC_UsePackage)</DCC_UsePackage>
        <VerInfo_IncludeVerInfo>true</VerInfo_IncludeVerInfo>
        <Icon_MainIcon>VIS_Icon.ico</Icon_MainIcon>
        <DCC_Namespace>System.Win;Data.Win;Datasnap.Win;Web.Win;Soap.Win;Xml.Win;$(DCC_Namespace)</DCC_Namespace>
        <VerInfo_Locale>1033</VerInfo_Locale>
        <Manifest_File>$(BDS)\bin\default_app.manifest</Manifest_File>
        <VerInfo_Keys>CompanyName=;FileDescription=;FileVersion=1.0.0.0;InternalName=;LegalCopyright=;LegalTrademarks=;OriginalFilename=;ProductName=;ProductVersion=1.0.0.0;Comments=</VerInfo_Keys>
    </PropertyGroup>
    <PropertyGroup Condition="'$(Base_Win64)'!=''">
        <DCC_UsePackage>vclimg;dxCoreRS20;cxLibraryRS20;dxGDIPlusRS20;dxThemeRS20;cxPageControlRS20;cxDataRS20;cxEditorsRS20;dxComnRS20;cxSpreadSheetRS20;dxPSCoreRS20;dxPScxSSLnkRS20;dxLayoutControlRS20;dxSpreadSheetRS20;dxPSdxSpreadSheetLnkRS20;$(DCC_UsePackage)</DCC_UsePackage>
        <Icon_MainIcon>VIS_Icon.ico</Icon_MainIcon>
    </PropertyGroup>
    <PropertyGroup Condition="'$(Cfg_1)'!=''">
        <DCC_LocalDebugSymbols>false</DCC_LocalDebugSymbols>
        <DCC_Define>RELEASE;$(DCC_Define)</DCC_Define>
        <DCC_SymbolReferenceInfo>0</DCC_SymbolReferenceInfo>
        <DCC_DebugInformation>0</DCC_DebugInformation>
    </PropertyGroup>
    <PropertyGroup Condition="'$(Cfg_1_Win32)'!=''">
        <VerInfo_Special>true</VerInfo_Special>
        <VerInfo_Debug>false</VerInfo_Debug>
        <VerInfo_PreRelease>true</VerInfo_PreRelease>
        <VerInfo_AutoIncVersion>true</VerInfo_AutoIncVersion>
        <VerInfo_Locale>1033</VerInfo_Locale>
        <VerInfo_Build>133</VerInfo_Build>
        <VerInfo_Keys>CompanyName=;FileDescription=;FileVersion=2.1.2.133;InternalName=;LegalCopyright=;LegalTrademarks=;OriginalFilename=;ProductName=;ProductVersion=1.0.0.0;Comments=;SpecialBuild=</VerInfo_Keys>
        <DCC_LocalDebugSymbols>true</DCC_LocalDebugSymbols>
        <DCC_DebugInformation>1</DCC_DebugInformation>
        <DCC_Define>madExcept;$(DCC_Define)</DCC_Define>
    </PropertyGroup>
    <PropertyGroup Condition="'$(Cfg_2)'!=''">
        <DCC_Define>DEBUG;$(DCC_Define)</DCC_Define>
        <DCC_GenerateStackFrames>true</DCC_GenerateStackFrames>
    </PropertyGroup>
    <PropertyGroup Condition="'$(Cfg_2_Win32)'!=''">
        <DCC_Define>_VER7;_VER7;madExcept;$(DCC_Define)</DCC_Define>
        <VerInfo_Release>4</VerInfo_Release>
        <VerInfo_Build>6</VerInfo_Build>
        <VerInfo_Keys>CompanyName=;FileDescription=;FileVersion=2.1.4.6;InternalName=;LegalCopyright=;LegalTrademarks=;OriginalFilename=;ProductName=;ProductVersion=1.0.0.0;Comments=</VerInfo_Keys>
        <VerInfo_Locale>1033</VerInfo_Locale>
    </PropertyGroup>
    <PropertyGroup Condition="'$(Cfg_3)'!=''">
        <DCC_Define>TEST_WITH_EMAIL;DEBUG;$(DCC_Define)</DCC_Define>
    </PropertyGroup>
    <PropertyGroup Condition="'$(Cfg_3_Win32)'!=''">
        <VerInfo_Release>0</VerInfo_Release>
        <VerInfo_Locale>1033</VerInfo_Locale>
        <DCC_GenerateStackFrames>true</DCC_GenerateStackFrames>
        <VerInfo_Keys>CompanyName=;FileDescription=;FileVersion=1.0.0.0;InternalName=;LegalCopyright=;LegalTrademarks=;OriginalFilename=;ProductName=;ProductVersion=1.0.0.0;Comments=</VerInfo_Keys>
        <VerInfo_Build>0</VerInfo_Build>
        <VerInfo_MinorVer>0</VerInfo_MinorVer>
        <VerInfo_MajorVer>1</VerInfo_MajorVer>
    </PropertyGroup>
    <PropertyGroup Condition="'$(Cfg_5)'!=''">
        <DCC_Define>NODEBUG;$(DCC_Define)</DCC_Define>
        <Manifest_File>$(BDS)\bin\default_app.manifest</Manifest_File>
        <VerInfo_Keys>CompanyName=Carmak AB;FileDescription=VIS;FileVersion=2.1.2.97;InternalName=VIS;LegalCopyright=;LegalTrademarks=;OriginalFilename=VIS.exe;ProductName=Vida Information Systems;ProductVersion=2.1.2.97;Comments=</VerInfo_Keys>
    </PropertyGroup>
    <ItemGroup>
        <DelphiCompile Include="$(MainSource)">
            <MainSource>MainSource</MainSource>
        </DelphiCompile>
        <DCCReference Include="fMain.pas">
            <Form>frmMain</Form>
        </DCCReference>
        <DCCReference Include="VidaConst.pas"/>
        <DCCReference Include="dmsDataConn.pas">
            <Form>dmsConnector</Form>
            <DesignClass>TDataModule</DesignClass>
        </DCCReference>
        <DCCReference Include="frmDBAdmin.pas">
            <Form>dlgDBAdmin</Form>
        </DCCReference>
        <DCCReference Include="uEncode.pas"/>
        <DCCReference Include="VidaUtils.pas"/>
        <DCCReference Include="dmsVidaSystem.pas">
            <Form>dmsSystem</Form>
            <DesignClass>TDataModule</DesignClass>
        </DCCReference>
        <DCCReference Include="dmcVidaSystem.pas">
            <Form>dmcSystem</Form>
            <DesignClass>TDataModule</DesignClass>
        </DCCReference>
        <DCCReference Include="VidaType.pas"/>
        <DCCReference Include="fDBForm.pas">
            <Form>frmDBForm</Form>
        </DCCReference>
        <DCCReference Include="dmsVidaContact.pas">
            <Form>dmsContact</Form>
            <DesignClass>TDataModule</DesignClass>
        </DCCReference>
        <DCCReference Include="dmLM1.pas">
            <Form>daMoLM1</Form>
            <DesignClass>TDataModule</DesignClass>
        </DCCReference>
        <DCCReference Include="fAvrop.pas">
            <Form>frmAvrop</Form>
        </DCCReference>
        <DCCReference Include="fInvoice.pas">
            <Form>frmInvoice</Form>
        </DCCReference>
        <DCCReference Include="fInvoiceList.pas">
            <Form>frmInvoiceList</Form>
        </DCCReference>
        <DCCReference Include="fSkapaAvrakning.pas">
            <Form>frmSkapaAvrakning</Form>
        </DCCReference>
        <DCCReference Include="UnitdmModule1.pas">
            <Form>dmModule1</Form>
            <DesignClass>TDataModule</DesignClass>
        </DCCReference>
        <DCCReference Include="fAvrakningar.pas">
            <Form>frmGjordaAvrakningar</Form>
        </DCCReference>
        <DCCReference Include="UnitSelectClient.pas">
            <Form>FormSelectClient</Form>
        </DCCReference>
        <DCCReference Include="UnitDestination.pas">
            <Form>FormDestination</Form>
        </DCCReference>
        <DCCReference Include="UnitAddress.pas">
            <Form>FormAddress</Form>
        </DCCReference>
        <DCCReference Include="UnitEnterInvoiceNo.pas">
            <Form>FormEnterInvoiceNo</Form>
        </DCCReference>
        <DCCReference Include="UnitCurrency.pas">
            <Form>FormCurrency</Form>
        </DCCReference>
        <DCCReference Include="UnitDelTerms.pas">
            <Form>FormDelTerms</Form>
        </DCCReference>
        <DCCReference Include="UnitPaymentTerms.pas">
            <Form>FormPaymentTerms</Form>
        </DCCReference>
        <DCCReference Include="UnitCRViewReport.pas">
            <Form>FormCRViewReport</Form>
        </DCCReference>
        <DCCReference Include="dmBooking.pas">
            <Form>dm_Booking</Form>
            <DesignClass>TDataModule</DesignClass>
        </DCCReference>
        <DCCReference Include="UnitCarrier.pas">
            <Form>FormCarrier</Form>
        </DCCReference>
        <DCCReference Include="dmcAvrakning.pas">
            <Form>dm_Avrakning</Form>
            <DesignClass>TDataModule</DesignClass>
        </DCCReference>
        <DCCReference Include="UnitShippingInstruction.pas">
            <Form>frmShippingInstruction</Form>
        </DCCReference>
        <DCCReference Include="UnitKP_List.pas">
            <Form>frmKP_List</Form>
        </DCCReference>
        <DCCReference Include="dmcVidaInvoice.pas">
            <Form>dmVidaInvoice</Form>
            <DesignClass>TDataModule</DesignClass>
        </DCCReference>
        <DCCReference Include="fMoveInvPkgToInventory.pas">
            <Form>formfMoveInvPkgToInventory</Form>
        </DCCReference>
        <DCCReference Include="dlgPickPkg.pas">
            <Form>frmPackagePicker</Form>
        </DCCReference>
        <DCCReference Include="UnitPackageEntry.pas">
            <Form>frmPackageEntry</Form>
        </DCCReference>
        <DCCReference Include="dmsVidaProduct.pas">
            <Form>dmsProduct</Form>
            <DesignClass>TDataModule</DesignClass>
        </DCCReference>
        <DCCReference Include="UnitPkgNoSeries.pas">
            <Form>frmPkgNoSeries</Form>
        </DCCReference>
        <DCCReference Include="dmcVidaOrder.pas">
            <Form>dmcOrder</Form>
            <DesignClass>TDataModule</DesignClass>
        </DCCReference>
        <DCCReference Include="fLoadOrder.pas">
            <Form>frmLoadOrder</Form>
        </DCCReference>
        <DCCReference Include="UnitLoadEntrySSP.pas">
            <Form>fLoadEntrySSP</Form>
        </DCCReference>
        <DCCReference Include="dmcLoadEntrySSP.pas">
            <Form>dmLoadEntrySSP</Form>
            <DesignClass>TDataModule</DesignClass>
        </DCCReference>
        <DCCReference Include="UnitLoadArrivals.pas">
            <Form>frmLoadArrivals</Form>
        </DCCReference>
        <DCCReference Include="dmc_ArrivingLoads.pas">
            <Form>dmArrivingLoads</Form>
            <DesignClass>TDataModule</DesignClass>
        </DCCReference>
        <DCCReference Include="UnitPkgInfo.pas">
            <Form>frmPkgInfo</Form>
        </DCCReference>
        <DCCReference Include="UnitPkgNo.pas">
            <Form>frmPkgNo</Form>
        </DCCReference>
        <DCCReference Include="UnitSokAvropFormular.pas">
            <Form>frmSokAvropFormular</Form>
        </DCCReference>
        <DCCReference Include="dmSokFormular.pas">
            <Form>dm_SokFormular</Form>
            <DesignClass>TDataModule</DesignClass>
        </DCCReference>
        <DCCReference Include="UnitAvrakningar.pas">
            <Form>frmAvrakningar</Form>
        </DCCReference>
        <DCCReference Include="uFreightLoad.pas">
            <Form>frmFreightLoad</Form>
        </DCCReference>
        <DCCReference Include="uUserPreference.pas">
            <Form>fUserPreference</Form>
        </DCCReference>
        <DCCReference Include="UnitCRPrintReport.pas">
            <Form>FormCRPrintReport</Form>
        </DCCReference>
        <DCCReference Include="uStickyNote.pas">
            <Form>frmStickyNote</Form>
        </DCCReference>
        <DCCReference Include="uGenShipCost.pas">
            <Form>frmGenShipCost</Form>
        </DCCReference>
        <DCCReference Include="dlgPickPkg_II.pas">
            <Form>frmPackagePicker_II</Form>
        </DCCReference>
        <DCCReference Include="uEntryField.pas">
            <Form>fEntryField</Form>
        </DCCReference>
        <DCCReference Include="fAttestInvoice.pas">
            <Form>frmAttestInvoice</Form>
        </DCCReference>
        <DCCReference Include="fSelectInvoice.pas">
            <Form>frmSelectInvoice</Form>
        </DCCReference>
        <DCCReference Include="uBasMatPunkter.pas">
            <Form>fBasMatPunkter</Form>
        </DCCReference>
        <DCCReference Include="uMultiplaShippers.pas">
            <Form>fMultiplaShippers</Form>
        </DCCReference>
        <DCCReference Include="UnotInvoicedReport.pas">
            <Form>fnotInvoicedReport</Form>
        </DCCReference>
        <DCCReference Include="uSamlingsfaktura.pas">
            <Form>fSamlingsfaktura</Form>
        </DCCReference>
        <DCCReference Include="ULastLista.pas">
            <Form>fLastLista</Form>
        </DCCReference>
        <DCCReference Include="uPickPkgNo.pas">
            <Form>fPickPkgNo</Form>
        </DCCReference>
        <DCCReference Include="uScanLoadPkgNo.pas">
            <Form>fScanLoadPkgNo</Form>
        </DCCReference>
        <DCCReference Include="Recerror.pas">
            <Form>ReconcileErrorForm</Form>
        </DCCReference>
        <DCCReference Include="uConfirmCodeDialog.pas">
            <Form>frmConfirmCodeDialog</Form>
        </DCCReference>
        <DCCReference Include="uLanguage.pas">
            <Form>frmLanguage</Form>
        </DCCReference>
        <DCCReference Include="uSelectShipper.pas">
            <Form>fSelectShipper</Form>
        </DCCReference>
        <DCCReference Include="uSelectLIP.pas">
            <Form>fSelectLIP</Form>
        </DCCReference>
        <DCCReference Include="uAnkomstRegProgress.pas">
            <Form>fAnkomstRegProgress</Form>
        </DCCReference>
        <DCCReference Include="uSelectLoadPlanDest.pas">
            <Form>fSelectLoadPlanDest</Form>
        </DCCReference>
        <DCCReference Include="UnitCRPrintOneReport.pas">
            <Form>FormCRPrintOneReport</Form>
        </DCCReference>
        <DCCReference Include="UnitCRExportOneReport.pas">
            <Form>FormCRExportOneReport</Form>
        </DCCReference>
        <DCCReference Include="uSendMapiMail.pas">
            <Form>dm_SendMapiMail</Form>
            <DesignClass>TDataModule</DesignClass>
        </DCCReference>
        <DCCReference Include="uSelectMultInvoice.pas">
            <Form>fSelectMultInvoice</Form>
        </DCCReference>
        <DCCReference Include="dmcLoadEntryCSD.pas">
            <Form>dmLoadEntryCSD</Form>
            <DesignClass>TDataModule</DesignClass>
        </DCCReference>
        <DCCReference Include="UnitLoadEntryCSD.pas">
            <Form>fLoadEntryCSD</Form>
        </DCCReference>
        <DCCReference Include="uAddSpecialLengths.pas">
            <Form>fAddSpecialLengths</Form>
        </DCCReference>
        <DCCReference Include="uSearchRunNo.pas">
            <Form>fSearchRunNo</Form>
        </DCCReference>
        <DCCReference Include="dmc_ImportWoodx.pas">
            <Form>dm_ImportWoodx</Form>
            <DesignClass>TDataModule</DesignClass>
        </DCCReference>
        <DCCReference Include="uSelectWoodxClient.pas">
            <Form>fSelectWoodxClient</Form>
        </DCCReference>
        <DCCReference Include="dmc_UserProps.pas">
            <Form>dm_UserProps</Form>
            <DesignClass>TDataModule</DesignClass>
        </DCCReference>
        <DCCReference Include="uWait.pas">
            <Form>fWait</Form>
        </DCCReference>
        <DCCReference Include="UPortArrivals.pas">
            <Form>frmPortArrivals</Form>
        </DCCReference>
        <DCCReference Include="uSokAvropMall.pas">
            <Form>fSokAvropMall</Form>
        </DCCReference>
        <DCCReference Include="..\..\CommonUnits\UnitAboutBox.pas">
            <Form>AboutBox</Form>
        </DCCReference>
        <DCCReference Include="..\..\CommonUnits\VidaUser.pas"/>
        <DCCReference Include="uChangeLogins.pas">
            <Form>OKHelpBottomDlg</Form>
        </DCCReference>
        <DCCReference Include="uChkAvrLoads.pas">
            <Form>fChkAvrLoads</Form>
        </DCCReference>
        <DCCReference Include="uInvoiceWizard.pas">
            <Form>fInvoiceWizard</Form>
        </DCCReference>
        <DCCReference Include="uShowMemo.pas">
            <Form>fShowMemo</Form>
        </DCCReference>
        <DCCReference Include="uLoadOrderListSetup.pas">
            <Form>fLoadOrderListSetup</Form>
        </DCCReference>
        <DCCReference Include="uTradingLinkMult.pas">
            <Form>fTradingLinkMult</Form>
        </DCCReference>
        <DCCReference Include="dmcVidaLO.pas">
            <Form>dmcLO</Form>
            <DesignClass>TDataModule</DesignClass>
        </DCCReference>
        <DCCReference Include="uInScannedPkgs.pas">
            <Form>fInScannedPkgs</Form>
        </DCCReference>
        <DCCReference Include="uSelectLaststalleAndShipto.pas">
            <Form>fSelectLastStalleAndShipTo</Form>
        </DCCReference>
        <DCCReference Include="uFreightAvrSearch.pas">
            <Form>fFreightAvrSearch</Form>
        </DCCReference>
        <DCCReference Include="uSelectLONoByInvoiceSerie.pas">
            <Form>fSelectLONoByInvoiceSerie</Form>
        </DCCReference>
        <DCCReference Include="uLoadOrderSearch.pas">
            <Form>fLoadOrderSearch</Form>
        </DCCReference>
        <DCCReference Include="uSelectBTHorBTB.pas">
            <Form>fSelectBTHorBTB</Form>
        </DCCReference>
        <DCCReference Include="uSelectFSFileName.pas">
            <Form>fSelectFSFileName</Form>
        </DCCReference>
        <DCCReference Include="uKundspecifika.pas">
            <Form>fKundspecifika</Form>
        </DCCReference>
        <DCCReference Include="uAddKundSpecifika.pas">
            <Form>fAddKundSpecifika</Form>
        </DCCReference>
        <DCCReference Include="fBaseFormA.pas">
            <Form>frmBaseFormA</Form>
        </DCCReference>
        <DCCReference Include="uArticle.pas">
            <Form>fArticle</Form>
        </DCCReference>
        <DCCReference Include="uKontoLogik.pas">
            <Form>fKontoLogik</Form>
        </DCCReference>
        <DCCReference Include="uBaseListForm.pas">
            <Form>fBaseListForm</Form>
        </DCCReference>
        <DCCReference Include="uOrderStocken.pas">
            <Form>fOrderStocken</Form>
        </DCCReference>
        <DCCReference Include="uIntrastat.pas">
            <Form>fIntrastat</Form>
        </DCCReference>
        <DCCReference Include="uTradingAnalyze.pas">
            <Form>fTradingAnalyze</Form>
        </DCCReference>
        <DCCReference Include="uShowInvTrfLog.pas">
            <Form>fShowInvTrfLog</Form>
        </DCCReference>
        <DCCReference Include="uFreightExternLoad.pas">
            <Form>frmFreightExternLoad</Form>
        </DCCReference>
        <DCCReference Include="uPayControl.pas">
            <Form>fPayControl</Form>
        </DCCReference>
        <DCCReference Include="uAttest_SetHdrInfo.pas">
            <Form>fAttest_SetHdrInfo</Form>
        </DCCReference>
        <DCCReference Include="uSelectAttBeskrivning.pas">
            <Form>fSelectAttBeskrivning</Form>
        </DCCReference>
        <DCCReference Include="uExportLoadPurpose.pas">
            <Form>fExportLoadPurpose</Form>
        </DCCReference>
        <DCCReference Include="uPickVPPkgs.pas">
            <Form>fPickVPPkgs</Form>
        </DCCReference>
        <DCCReference Include="uCreditGrpClients.pas">
            <Form>frmCreditGrpClients</Form>
        </DCCReference>
        <DCCReference Include="uSelectCustomer.pas">
            <Form>frmSelectCustomer</Form>
        </DCCReference>
        <DCCReference Include="uCredit.pas">
            <Form>frmCredit</Form>
        </DCCReference>
        <DCCReference Include="uImportedPackages.pas">
            <Form>fImportedPackages</Form>
        </DCCReference>
        <DCCReference Include="uEntryPriceField.pas">
            <Form>fEntryPriceField</Form>
        </DCCReference>
        <DCCReference Include="uVerifikationLogg.pas">
            <Form>fVerifikationLogg</Form>
        </DCCReference>
        <DCCReference Include="uCreditLimitAnalys.pas">
            <Form>frmCreditLimitAnalys</Form>
        </DCCReference>
        <DCCReference Include="fShipToAddress.pas">
            <Form>frmShipToAddress</Form>
        </DCCReference>
        <DCCReference Include="uCity.pas">
            <Form>fCity</Form>
        </DCCReference>
        <DCCReference Include="uCountry.pas">
            <Form>fCountry</Form>
        </DCCReference>
        <DCCReference Include="uOrderStockDetails.pas">
            <Form>fOrderStockDetails</Form>
        </DCCReference>
        <DCCReference Include="uAccInv.pas">
            <Form>fAccInv</Form>
        </DCCReference>
        <DCCReference Include="uLockedLoads.pas">
            <Form>frmLockLoads</Form>
        </DCCReference>
        <DCCReference Include="uReportStatics.pas">
            <Form>fReportStatics</Form>
        </DCCReference>
        <DCCReference Include="uStef.pas">
            <Form>fStef</Form>
        </DCCReference>
        <DCCReference Include="uSelectLORowInLoad.pas">
            <Form>fSelectLORowInLoad</Form>
        </DCCReference>
        <DCCReference Include="uconfirm.pas">
            <Form>fConfirm</Form>
        </DCCReference>
        <DCCReference Include="uEnterLoadWeight.pas">
            <Form>fEnterLoadWeight</Form>
        </DCCReference>
        <DCCReference Include="uSelectPrintDevice.pas">
            <Form>fSelectPrintDevice</Form>
        </DCCReference>
        <DCCReference Include="uAvdelning.pas">
            <Form>fAvdelning</Form>
        </DCCReference>
        <DCCReference Include="USelectLIPNo.pas">
            <Form>fSelectLIPNo</Form>
        </DCCReference>
        <DCCReference Include="CR_Plugin_Import.pas"/>
        <DCCReference Include="uUnConnectedPackages.pas">
            <Form>fUnConnectedPackages</Form>
        </DCCReference>
        <DCCReference Include="udmLanguage.pas">
            <Form>dmLanguage</Form>
            <DesignClass>TDataModule</DesignClass>
        </DCCReference>
        <DCCReference Include="ufrmChangeLanguage.pas">
            <Form>frmChangeLanguage</Form>
        </DCCReference>
        <DCCReference Include="Aug 31B dbExpress\MainU.pas">
            <Form>XMLImportExport</Form>
        </DCCReference>
        <DCCReference Include="Aug 31B dbExpress\DeliveryMessageWoodV2R31.pas"/>
        <DCCReference Include="Aug 31B dbExpress\PackageExportU.pas"/>
        <DCCReference Include="Aug 31B dbExpress\PackageImportU.pas"/>
        <DCCReference Include="uPackageSize.pas">
            <Form>fPackageSize</Form>
        </DCCReference>
        <DCCReference Include="URegionToRegionSelectLIPNo.pas">
            <Form>fRegionToRegionSelectLIPNo</Form>
        </DCCReference>
        <DCCReference Include="UnitBookingForm.pas">
            <Form>FormBookingForm</Form>
        </DCCReference>
        <DCCReference Include="UnitBookingFormOrg.pas">
            <Form>FormBookingFormOrg</Form>
        </DCCReference>
        <DCCReference Include="..\..\CommonSources\FastReport\udmFR.pas">
            <Form>dmFR</Form>
            <DesignClass>TDataModule</DesignClass>
        </DCCReference>
        <DCCReference Include="..\..\CommonSources\FastReport\uReport.pas"/>
        <DCCReference Include="..\..\CommonSources\FastReport\uReportController.pas"/>
        <DCCReference Include="..\..\CommonSources\FastReport\uFRConstants.pas"/>
        <DCCReference Include="..\..\CommonSources\DelphiLogg\uDBLogg.pas"/>
        <DCCReference Include="..\..\CommonSources\DelphiLogg\uIDBLogg.pas"/>
        <DCCReference Include="..\..\CommonSources\DelphiLogg\uIDBConnector.pas"/>
        <DCCReference Include="..\..\CommonSources\DelphiLogg\uILogger.pas"/>
        <DCCReference Include="..\..\CommonSources\DelphiLogg\uLogger.pas"/>
        <DCCReference Include="uSelectVerkandShipTo.pas">
            <Form>fSelectVerkandShipTo</Form>
            <FormType>dfm</FormType>
        </DCCReference>
        <DCCReference Include="..\..\CommonSources\FastReport\uFastReports.pas"/>
        <DCCReference Include="..\..\CommonSources\FastReport\uTwoReportInOne.pas"/>
        <DCCReference Include="..\..\CommonSources\FastReport\uCustomReports.pas"/>
        <None Include="VIS.todo"/>
        <None Include="ModelSupport_VIS\default.txaPackage"/>
        <None Include="ModelSupport_VIS\default.txvpck"/>
        <None Include="ModelSupport_VIS\uAvdelning\default.txvpck"/>
        <None Include="ModelSupport_VIS\VIS\default.txvpck"/>
        <None Include="ModelSupport_VIS\uArticle\default.txvpck"/>
        <None Include="ModelSupport_VIS\uEnterLoadWeight\default.txvpck"/>
        <None Include="ModelSupport_VIS\UnitPackageEntry\default.txvpck"/>
        <None Include="ModelSupport_VIS\uUserPreference\default.txvpck"/>
        <None Include="ModelSupport_VIS\UnitdmModule1\default.txvpck"/>
        <None Include="ModelSupport_VIS\UnitCurrency\default.txvpck"/>
        <None Include="ModelSupport_VIS\dlgPickPkg_II\default.txvpck"/>
        <None Include="ModelSupport_VIS\UnitBookingForm\default.txvpck"/>
        <None Include="ModelSupport_VIS\uSelectCustomer\default.txvpck"/>
        <None Include="ModelSupport_VIS\uSamlingsfaktura\default.txvpck"/>
        <None Include="ModelSupport_VIS\UnotInvoicedReport\default.txvpck"/>
        <None Include="ModelSupport_VIS\UnitLoadEntrySSP\default.txvpck"/>
        <None Include="ModelSupport_VIS\dmcLoadEntrySSP\default.txvpck"/>
        <None Include="ModelSupport_VIS\UnitPkgNoSeries\default.txvpck"/>
        <None Include="ModelSupport_VIS\dmcVidaInvoice\default.txvpck"/>
        <None Include="ModelSupport_VIS\dlgPickPkg\default.txvpck"/>
        <None Include="ModelSupport_VIS\fDBForm\default.txvpck"/>
        <None Include="ModelSupport_VIS\uTradingAnalyze\default.txvpck"/>
        <None Include="ModelSupport_VIS\uShowMemo\default.txvpck"/>
        <None Include="ModelSupport_VIS\UnitPkgNo\default.txvpck"/>
        <None Include="ModelSupport_VIS\uPrintTest\default.txvpck"/>
        <None Include="ModelSupport_VIS\fLoadOrder\default.txvpck"/>
        <None Include="ModelSupport_VIS\VidaType\default.txvpck"/>
        <None Include="ModelSupport_VIS\uMultiplaShippers\default.txvpck"/>
        <None Include="ModelSupport_VIS\uGenShipCost\default.txvpck"/>
        <None Include="ModelSupport_VIS\dmc_ImportWoodx\default.txvpck"/>
        <None Include="ModelSupport_VIS\uSelectShipper\default.txvpck"/>
        <None Include="ModelSupport_VIS\uIntrastat\default.txvpck"/>
        <None Include="ModelSupport_VIS\PreviewForm\default.txvpck"/>
        <None Include="ModelSupport_VIS\dmcVidaLO\default.txvpck"/>
        <None Include="ModelSupport_VIS\UnitSokAvropFormular\default.txvpck"/>
        <None Include="ModelSupport_VIS\uFreightLoad\default.txvpck"/>
        <None Include="ModelSupport_VIS\ufrmChangeLanguage\default.txvpck"/>
        <None Include="ModelSupport_VIS\uReportStatics\default.txvpck"/>
        <None Include="ModelSupport_VIS\USelectLIPNo\default.txvpck"/>
        <None Include="ModelSupport_VIS\uShowInvTrfLog\default.txvpck"/>
        <None Include="ModelSupport_VIS\uInvoiceWizard\default.txvpck"/>
        <None Include="ModelSupport_VIS\fAttestInvoice\default.txvpck"/>
        <None Include="ModelSupport_VIS\uOrderStocken\default.txvpck"/>
        <None Include="ModelSupport_VIS\uFreightExternLoad\default.txvpck"/>
        <None Include="ModelSupport_VIS\uSelectLoadPlanDest\default.txvpck"/>
        <None Include="ModelSupport_VIS\uPayControl\default.txvpck"/>
        <None Include="ModelSupport_VIS\uCredit\default.txvpck"/>
        <None Include="ModelSupport_VIS\uPickPkgNo\default.txvpck"/>
        <None Include="ModelSupport_VIS\DeliveryMessageWoodV2R31\default.txvpck"/>
        <None Include="ModelSupport_VIS\fAvrakningar\default.txvpck"/>
        <None Include="ModelSupport_VIS\UnitDelTerms\default.txvpck"/>
        <None Include="ModelSupport_VIS\uKundspecifika\default.txvpck"/>
        <None Include="ModelSupport_VIS\UnitShippingInstruction\default.txvpck"/>
        <None Include="ModelSupport_VIS\fMoveInvPkgToInventory\default.txvpck"/>
        <None Include="ModelSupport_VIS\UnitPkgInfo\default.txvpck"/>
        <None Include="ModelSupport_VIS\uEncode\default.txvpck"/>
        <None Include="ModelSupport_VIS\MainU\default.txvpck"/>
        <None Include="ModelSupport_VIS\uBaseListForm\default.txvpck"/>
        <None Include="ModelSupport_VIS\fSkapaAvrakning\default.txvpck"/>
        <None Include="ModelSupport_VIS\uSelectAttBeskrivning\default.txvpck"/>
        <None Include="ModelSupport_VIS\dmLM1\default.txvpck"/>
        <None Include="ModelSupport_VIS\dmsVidaProduct\default.txvpck"/>
        <None Include="ModelSupport_VIS\uAddKundSpecifika\default.txvpck"/>
        <None Include="ModelSupport_VIS\UnitSelectClient\default.txvpck"/>
        <None Include="ModelSupport_VIS\uconfirm\default.txvpck"/>
        <None Include="ModelSupport_VIS\frmDBAdmin\default.txvpck"/>
        <None Include="ModelSupport_VIS\VidaUtils\default.txvpck"/>
        <None Include="ModelSupport_VIS\uSokAvropMall\default.txvpck"/>
        <None Include="ModelSupport_VIS\uOrderStockDetails\default.txvpck"/>
        <None Include="ModelSupport_VIS\uChangeLogins\default.txvpck"/>
        <None Include="ModelSupport_VIS\uSelectLORowInLoad\default.txvpck"/>
        <None Include="ModelSupport_VIS\uChkAvrLoads\default.txvpck"/>
        <None Include="ModelSupport_VIS\uCity\default.txvpck"/>
        <None Include="ModelSupport_VIS\PackageImportU\default.txvpck"/>
        <None Include="ModelSupport_VIS\fShipToAddress\default.txvpck"/>
        <None Include="ModelSupport_VIS\UnitCarrier\default.txvpck"/>
        <None Include="ModelSupport_VIS\UnitAboutBox\default.txvpck"/>
        <None Include="ModelSupport_VIS\uEntryField\default.txvpck"/>
        <None Include="ModelSupport_VIS\dmsVidaSystem\default.txvpck"/>
        <None Include="ModelSupport_VIS\uUnConnectedPackages\default.txvpck"/>
        <None Include="ModelSupport_VIS\uLanguage\default.txvpck"/>
        <None Include="ModelSupport_VIS\UnitLoadEntryCSD\default.txvpck"/>
        <None Include="ModelSupport_VIS\dmc_UserProps\default.txvpck"/>
        <None Include="ModelSupport_VIS\uConfirmCodeDialog\default.txvpck"/>
        <None Include="ModelSupport_VIS\PackageExportU\default.txvpck"/>
        <None Include="ModelSupport_VIS\UnitLoadArrivals\default.txvpck"/>
        <None Include="ModelSupport_VIS\uSelectLastStalleAndShipTo\default.txvpck"/>
        <None Include="ModelSupport_VIS\UnitDestination\default.txvpck"/>
        <None Include="ModelSupport_VIS\uKontoLogik\default.txvpck"/>
        <None Include="ModelSupport_VIS\Recerror\default.txvpck"/>
        <None Include="ModelSupport_VIS\uSearchRunNo\default.txvpck"/>
        <None Include="ModelSupport_VIS\uSelectMultInvoice\default.txvpck"/>
        <None Include="ModelSupport_VIS\uSelectLIP\default.txvpck"/>
        <None Include="ModelSupport_VIS\uCreditLimitAnalys\default.txvpck"/>
        <None Include="ModelSupport_VIS\fInvoiceList\default.txvpck"/>
        <None Include="ModelSupport_VIS\CR_Plugin_Import\default.txvpck"/>
        <None Include="ModelSupport_VIS\uStef\default.txvpck"/>
        <None Include="ModelSupport_VIS\uLastLista\default.txvpck"/>
        <None Include="ModelSupport_VIS\uLOLengths\default.txvpck"/>
        <None Include="ModelSupport_VIS\UnitCRExportOneReport\default.txvpck"/>
        <None Include="ModelSupport_VIS\fSelectInvoice\default.txvpck"/>
        <None Include="ModelSupport_VIS\dmc_ArrivingLoads\default.txvpck"/>
        <None Include="ModelSupport_VIS\UnitEnterInvoiceNo\default.txvpck"/>
        <None Include="ModelSupport_VIS\VidaConst\default.txvpck"/>
        <None Include="ModelSupport_VIS\fBaseFormA\default.txvpck"/>
        <None Include="ModelSupport_VIS\dmBooking\default.txvpck"/>
        <None Include="ModelSupport_VIS\uSelectFSFileName\default.txvpck"/>
        <None Include="ModelSupport_VIS\UnitPaymentTerms\default.txvpck"/>
        <None Include="ModelSupport_VIS\fInvoice\default.txvpck"/>
        <None Include="ModelSupport_VIS\dmsDataConn\default.txvpck"/>
        <None Include="ModelSupport_VIS\uCreditGrpClients\default.txvpck"/>
        <None Include="ModelSupport_VIS\uSelectBTHorBTB\default.txvpck"/>
        <None Include="ModelSupport_VIS\UnitCRPrintOneReport\default.txvpck"/>
        <None Include="ModelSupport_VIS\uSelectWoodxClient\default.txvpck"/>
        <None Include="ModelSupport_VIS\uAttest_SetHdrInfo\default.txvpck"/>
        <None Include="ModelSupport_VIS\uTradingLinkMult\default.txvpck"/>
        <None Include="ModelSupport_VIS\UnitCRViewReport\default.txvpck"/>
        <None Include="ModelSupport_VIS\uInScannedPkgs\default.txvpck"/>
        <None Include="ModelSupport_VIS\uScanLoadPkgNo\default.txvpck"/>
        <None Include="ModelSupport_VIS\uFastReports\default.txvpck"/>
        <None Include="ModelSupport_VIS\PrintUnit\default.txvpck"/>
        <None Include="ModelSupport_VIS\uStickyNote\default.txvpck"/>
        <None Include="ModelSupport_VIS\uImportedPackages\default.txvpck"/>
        <None Include="ModelSupport_VIS\uLockedLoads\default.txvpck"/>
        <None Include="ModelSupport_VIS\UnitAvrakningar\default.txvpck"/>
        <None Include="ModelSupport_VIS\uExportLoadPurpose\default.txvpck"/>
        <None Include="ModelSupport_VIS\uAnkomstRegProgress\default.txvpck"/>
        <None Include="ModelSupport_VIS\uVerifikationLogg\default.txvpck"/>
        <None Include="ModelSupport_VIS\uSendMapiMail\default.txvpck"/>
        <None Include="ModelSupport_VIS\uFreightAvrSearch\default.txvpck"/>
        <None Include="ModelSupport_VIS\uLoadOrderListSetup\default.txvpck"/>
        <None Include="ModelSupport_VIS\UnitKP_List\default.txvpck"/>
        <None Include="ModelSupport_VIS\uEntryPriceField\default.txvpck"/>
        <None Include="ModelSupport_VIS\uSelectPrintDevice\default.txvpck"/>
        <None Include="ModelSupport_VIS\uLoadOrderSearch\default.txvpck"/>
        <None Include="ModelSupport_VIS\UnitCRPrintReport\default.txvpck"/>
        <None Include="ModelSupport_VIS\VidaUser\default.txvpck"/>
        <None Include="ModelSupport_VIS\dmcAvrakning\default.txvpck"/>
        <None Include="ModelSupport_VIS\uBasMatPunkter\default.txvpck"/>
        <None Include="ModelSupport_VIS\dmSokFormular\default.txvpck"/>
        <None Include="ModelSupport_VIS\dmcVidaOrder\default.txvpck"/>
        <None Include="ModelSupport_VIS\udmLanguage\default.txvpck"/>
        <None Include="ModelSupport_VIS\uAccInv\default.txvpck"/>
        <None Include="ModelSupport_VIS\dmcVidaSystem\default.txvpck"/>
        <None Include="ModelSupport_VIS\UnitAddress\default.txvpck"/>
        <None Include="ModelSupport_VIS\uAddSpecialLengths\default.txvpck"/>
        <None Include="ModelSupport_VIS\fAvrop\default.txvpck"/>
        <None Include="ModelSupport_VIS\uPickVPPkgs\default.txvpck"/>
        <None Include="ModelSupport_VIS\uSelectLONoByInvoiceSerie\default.txvpck"/>
        <None Include="ModelSupport_VIS\uWait\default.txvpck"/>
        <None Include="ModelSupport_VIS\dmcLoadEntryCSD\default.txvpck"/>
        <None Include="ModelSupport_VIS\uCountry\default.txvpck"/>
        <None Include="ModelSupport_VIS\UPortArrivals\default.txvpck"/>
        <None Include="ModelSupport_VIS\fMain\default.txvpck"/>
        <None Include="ModelSupport_VIS\dmsVidaContact\default.txvpck"/>
        <None Include="ModelSupport_VIS\VidaUtils\default.txaPackage"/>
        <None Include="ModelSupport_VIS\UnitCRViewReport\default.txaPackage"/>
        <None Include="ModelSupport_VIS\uSelectFSFileName\default.txaPackage"/>
        <None Include="ModelSupport_VIS\uLanguage\default.txaPackage"/>
        <None Include="ModelSupport_VIS\UnitDestination\default.txaPackage"/>
        <None Include="ModelSupport_VIS\uAvdelning\default.txaPackage"/>
        <None Include="ModelSupport_VIS\fAvrakningar\default.txaPackage"/>
        <None Include="ModelSupport_VIS\uAccInv\default.txaPackage"/>
        <None Include="ModelSupport_VIS\uLoadOrderSearch\default.txaPackage"/>
        <None Include="ModelSupport_VIS\uAnkomstRegProgress\default.txaPackage"/>
        <None Include="ModelSupport_VIS\uLockedLoads\default.txaPackage"/>
        <None Include="ModelSupport_VIS\uconfirm\default.txaPackage"/>
        <None Include="ModelSupport_VIS\uExportLoadPurpose\default.txaPackage"/>
        <None Include="ModelSupport_VIS\fAvrop\default.txaPackage"/>
        <None Include="ModelSupport_VIS\uSelectBTHorBTB\default.txaPackage"/>
        <None Include="ModelSupport_VIS\uFreightAvrSearch\default.txaPackage"/>
        <None Include="ModelSupport_VIS\uSelectLoadPlanDest\default.txaPackage"/>
        <None Include="ModelSupport_VIS\uEntryPriceField\default.txaPackage"/>
        <None Include="ModelSupport_VIS\dmBooking\default.txaPackage"/>
        <None Include="ModelSupport_VIS\uTradingLinkMult\default.txaPackage"/>
        <None Include="ModelSupport_VIS\fMoveInvPkgToInventory\default.txaPackage"/>
        <None Include="ModelSupport_VIS\dmcVidaLO\default.txaPackage"/>
        <None Include="ModelSupport_VIS\frmDBAdmin\default.txaPackage"/>
        <None Include="ModelSupport_VIS\fMain\default.txaPackage"/>
        <None Include="ModelSupport_VIS\uUnConnectedPackages\default.txaPackage"/>
        <None Include="ModelSupport_VIS\VidaType\default.txaPackage"/>
        <None Include="ModelSupport_VIS\UnitEnterInvoiceNo\default.txaPackage"/>
        <None Include="ModelSupport_VIS\uScanLoadPkgNo\default.txaPackage"/>
        <None Include="ModelSupport_VIS\UnitPkgNo\default.txaPackage"/>
        <None Include="ModelSupport_VIS\fLoadOrder\default.txaPackage"/>
        <None Include="ModelSupport_VIS\UnitCRPrintOneReport\default.txaPackage"/>
        <None Include="ModelSupport_VIS\dmc_UserProps\default.txaPackage"/>
        <None Include="ModelSupport_VIS\dmcVidaOrder\default.txaPackage"/>
        <None Include="ModelSupport_VIS\UnitPkgNoSeries\default.txaPackage"/>
        <None Include="ModelSupport_VIS\dmcVidaInvoice\default.txaPackage"/>
        <None Include="ModelSupport_VIS\dmcVidaSystem\default.txaPackage"/>
        <None Include="ModelSupport_VIS\uSelectLastStalleAndShipTo\default.txaPackage"/>
        <None Include="ModelSupport_VIS\uAddKundSpecifika\default.txaPackage"/>
        <None Include="ModelSupport_VIS\udmLanguage\default.txaPackage"/>
        <None Include="ModelSupport_VIS\uLOLengths\default.txaPackage"/>
        <None Include="ModelSupport_VIS\UnitCRPrintReport\default.txaPackage"/>
        <None Include="ModelSupport_VIS\UnitLoadEntryCSD\default.txaPackage"/>
        <None Include="ModelSupport_VIS\uArticle\default.txaPackage"/>
        <None Include="ModelSupport_VIS\uStef\default.txaPackage"/>
        <None Include="ModelSupport_VIS\UnotInvoicedReport\default.txaPackage"/>
        <None Include="ModelSupport_VIS\UnitCurrency\default.txaPackage"/>
        <None Include="ModelSupport_VIS\fSkapaAvrakning\default.txaPackage"/>
        <None Include="ModelSupport_VIS\VIS\default.txaPackage"/>
        <None Include="ModelSupport_VIS\PrintUnit\default.txaPackage"/>
        <None Include="ModelSupport_VIS\ufrmChangeLanguage\default.txaPackage"/>
        <None Include="ModelSupport_VIS\UnitShippingInstruction\default.txaPackage"/>
        <None Include="ModelSupport_VIS\MainU\default.txaPackage"/>
        <None Include="ModelSupport_VIS\fInvoice\default.txaPackage"/>
        <None Include="ModelSupport_VIS\uEncode\default.txaPackage"/>
        <None Include="ModelSupport_VIS\uTradingAnalyze\default.txaPackage"/>
        <None Include="ModelSupport_VIS\UnitLoadArrivals\default.txaPackage"/>
        <None Include="ModelSupport_VIS\dmc_ImportWoodx\default.txaPackage"/>
        <None Include="ModelSupport_VIS\uCity\default.txaPackage"/>
        <None Include="ModelSupport_VIS\uInScannedPkgs\default.txaPackage"/>
        <None Include="ModelSupport_VIS\uBasMatPunkter\default.txaPackage"/>
        <None Include="ModelSupport_VIS\uSokAvropMall\default.txaPackage"/>
        <None Include="ModelSupport_VIS\dmsVidaSystem\default.txaPackage"/>
        <None Include="ModelSupport_VIS\dmcLoadEntryCSD\default.txaPackage"/>
        <None Include="ModelSupport_VIS\dmSokFormular\default.txaPackage"/>
        <None Include="ModelSupport_VIS\uSelectCustomer\default.txaPackage"/>
        <None Include="ModelSupport_VIS\uChkAvrLoads\default.txaPackage"/>
        <None Include="ModelSupport_VIS\uSendMapiMail\default.txaPackage"/>
        <None Include="ModelSupport_VIS\uKundspecifika\default.txaPackage"/>
        <None Include="ModelSupport_VIS\fShipToAddress\default.txaPackage"/>
        <None Include="ModelSupport_VIS\uAttest_SetHdrInfo\default.txaPackage"/>
        <None Include="ModelSupport_VIS\uPickVPPkgs\default.txaPackage"/>
        <None Include="ModelSupport_VIS\uShowInvTrfLog\default.txaPackage"/>
        <None Include="ModelSupport_VIS\Recerror\default.txaPackage"/>
        <None Include="ModelSupport_VIS\dlgPickPkg_II\default.txaPackage"/>
        <None Include="ModelSupport_VIS\dmc_ArrivingLoads\default.txaPackage"/>
        <None Include="ModelSupport_VIS\uFastReports\default.txaPackage"/>
        <None Include="ModelSupport_VIS\UnitPaymentTerms\default.txaPackage"/>
        <None Include="ModelSupport_VIS\uBaseListForm\default.txaPackage"/>
        <None Include="ModelSupport_VIS\CR_Plugin_Import\default.txaPackage"/>
        <None Include="ModelSupport_VIS\uIntrastat\default.txaPackage"/>
        <None Include="ModelSupport_VIS\uLastLista\default.txaPackage"/>
        <None Include="ModelSupport_VIS\uWait\default.txaPackage"/>
        <None Include="ModelSupport_VIS\uOrderStocken\default.txaPackage"/>
        <None Include="ModelSupport_VIS\UnitSelectClient\default.txaPackage"/>
        <None Include="ModelSupport_VIS\uUserPreference\default.txaPackage"/>
        <None Include="ModelSupport_VIS\uCountry\default.txaPackage"/>
        <None Include="ModelSupport_VIS\UnitPkgInfo\default.txaPackage"/>
        <None Include="ModelSupport_VIS\UnitCRExportOneReport\default.txaPackage"/>
        <None Include="ModelSupport_VIS\dmcAvrakning\default.txaPackage"/>
        <None Include="ModelSupport_VIS\DeliveryMessageWoodV2R31\default.txaPackage"/>
        <None Include="ModelSupport_VIS\uFreightLoad\default.txaPackage"/>
        <None Include="ModelSupport_VIS\uGenShipCost\default.txaPackage"/>
        <None Include="ModelSupport_VIS\dlgPickPkg\default.txaPackage"/>
        <None Include="ModelSupport_VIS\uPayControl\default.txaPackage"/>
        <None Include="ModelSupport_VIS\uKontoLogik\default.txaPackage"/>
        <None Include="ModelSupport_VIS\uPrintTest\default.txaPackage"/>
        <None Include="ModelSupport_VIS\uConfirmCodeDialog\default.txaPackage"/>
        <None Include="ModelSupport_VIS\uOrderStockDetails\default.txaPackage"/>
        <None Include="ModelSupport_VIS\uReportStatics\default.txaPackage"/>
        <None Include="ModelSupport_VIS\UnitCarrier\default.txaPackage"/>
        <None Include="ModelSupport_VIS\dmsVidaProduct\default.txaPackage"/>
        <None Include="ModelSupport_VIS\uSelectLIP\default.txaPackage"/>
        <None Include="ModelSupport_VIS\uStickyNote\default.txaPackage"/>
        <None Include="ModelSupport_VIS\UnitAvrakningar\default.txaPackage"/>
        <None Include="ModelSupport_VIS\uCredit\default.txaPackage"/>
        <None Include="ModelSupport_VIS\PackageImportU\default.txaPackage"/>
        <None Include="ModelSupport_VIS\UnitKP_List\default.txaPackage"/>
        <None Include="ModelSupport_VIS\uLoadOrderListSetup\default.txaPackage"/>
        <None Include="ModelSupport_VIS\uSelectLONoByInvoiceSerie\default.txaPackage"/>
        <None Include="ModelSupport_VIS\fAttestInvoice\default.txaPackage"/>
        <None Include="ModelSupport_VIS\uPickPkgNo\default.txaPackage"/>
        <None Include="ModelSupport_VIS\uShowMemo\default.txaPackage"/>
        <None Include="ModelSupport_VIS\uSelectPrintDevice\default.txaPackage"/>
        <None Include="ModelSupport_VIS\uSelectLORowInLoad\default.txaPackage"/>
        <None Include="ModelSupport_VIS\USelectLIPNo\default.txaPackage"/>
        <None Include="ModelSupport_VIS\uCreditLimitAnalys\default.txaPackage"/>
        <None Include="ModelSupport_VIS\dmcLoadEntrySSP\default.txaPackage"/>
        <None Include="ModelSupport_VIS\dmsVidaContact\default.txaPackage"/>
        <None Include="ModelSupport_VIS\UnitSokAvropFormular\default.txaPackage"/>
        <None Include="ModelSupport_VIS\uSelectMultInvoice\default.txaPackage"/>
        <None Include="ModelSupport_VIS\UnitAddress\default.txaPackage"/>
        <None Include="ModelSupport_VIS\VidaUser\default.txaPackage"/>
        <None Include="ModelSupport_VIS\UnitBookingForm\default.txaPackage"/>
        <None Include="ModelSupport_VIS\dmLM1\default.txaPackage"/>
        <None Include="ModelSupport_VIS\uEnterLoadWeight\default.txaPackage"/>
        <None Include="ModelSupport_VIS\UnitDelTerms\default.txaPackage"/>
        <None Include="ModelSupport_VIS\dmsDataConn\default.txaPackage"/>
        <None Include="ModelSupport_VIS\fBaseFormA\default.txaPackage"/>
        <None Include="ModelSupport_VIS\VidaConst\default.txaPackage"/>
        <None Include="ModelSupport_VIS\UnitdmModule1\default.txaPackage"/>
        <None Include="ModelSupport_VIS\uSelectAttBeskrivning\default.txaPackage"/>
        <None Include="ModelSupport_VIS\UnitAboutBox\default.txaPackage"/>
        <None Include="ModelSupport_VIS\uChangeLogins\default.txaPackage"/>
        <None Include="ModelSupport_VIS\PackageExportU\default.txaPackage"/>
        <None Include="ModelSupport_VIS\uInvoiceWizard\default.txaPackage"/>
        <None Include="ModelSupport_VIS\fInvoiceList\default.txaPackage"/>
        <None Include="ModelSupport_VIS\uMultiplaShippers\default.txaPackage"/>
        <None Include="ModelSupport_VIS\uAddSpecialLengths\default.txaPackage"/>
        <None Include="ModelSupport_VIS\uSearchRunNo\default.txaPackage"/>
        <None Include="ModelSupport_VIS\uSamlingsfaktura\default.txaPackage"/>
        <None Include="ModelSupport_VIS\uEntryField\default.txaPackage"/>
        <None Include="ModelSupport_VIS\PreviewForm\default.txaPackage"/>
        <None Include="ModelSupport_VIS\uSelectWoodxClient\default.txaPackage"/>
        <None Include="ModelSupport_VIS\UnitPackageEntry\default.txaPackage"/>
        <None Include="ModelSupport_VIS\uVerifikationLogg\default.txaPackage"/>
        <None Include="ModelSupport_VIS\fSelectInvoice\default.txaPackage"/>
        <None Include="ModelSupport_VIS\UnitLoadEntrySSP\default.txaPackage"/>
        <None Include="ModelSupport_VIS\uFreightExternLoad\default.txaPackage"/>
        <None Include="ModelSupport_VIS\uSelectShipper\default.txaPackage"/>
        <None Include="ModelSupport_VIS\fDBForm\default.txaPackage"/>
        <None Include="ModelSupport_VIS\uCreditGrpClients\default.txaPackage"/>
        <None Include="ModelSupport_VIS\uImportedPackages\default.txaPackage"/>
        <None Include="ModelSupport_VIS\UPortArrivals\default.txaPackage"/>
        <BuildConfiguration Include="Debug">
            <Key>Cfg_2</Key>
            <CfgParent>Base</CfgParent>
        </BuildConfiguration>
        <BuildConfiguration Include="NODEBUG">
            <Key>Cfg_5</Key>
            <CfgParent>Base</CfgParent>
        </BuildConfiguration>
        <BuildConfiguration Include="Test_With_Email">
            <Key>Cfg_3</Key>
            <CfgParent>Base</CfgParent>
        </BuildConfiguration>
        <BuildConfiguration Include="Base">
            <Key>Base</Key>
        </BuildConfiguration>
        <BuildConfiguration Include="Release">
            <Key>Cfg_1</Key>
            <CfgParent>Base</CfgParent>
        </BuildConfiguration>
    </ItemGroup>
    <Import Condition="Exists('$(BDS)\Bin\CodeGear.Delphi.Targets')" Project="$(BDS)\Bin\CodeGear.Delphi.Targets"/>
    <Import Condition="Exists('$(APPDATA)\Embarcadero\$(BDSAPPDATABASEDIR)\$(PRODUCTVERSION)\UserTools.proj')" Project="$(APPDATA)\Embarcadero\$(BDSAPPDATABASEDIR)\$(PRODUCTVERSION)\UserTools.proj"/>
    <ProjectExtensions>
        <Borland.Personality>Delphi.Personality.12</Borland.Personality>
        <Borland.ProjectType>VCLApplication</Borland.ProjectType>
        <BorlandProject>
            <Delphi.Personality>
                <Source>
                    <Source Name="MainSource">VIS.dpr</Source>
                </Source>
                <VersionInfo>
                    <VersionInfo Name="IncludeVerInfo">True</VersionInfo>
                    <VersionInfo Name="AutoIncBuild">False</VersionInfo>
                    <VersionInfo Name="MajorVer">2</VersionInfo>
                    <VersionInfo Name="MinorVer">1</VersionInfo>
                    <VersionInfo Name="Release">2</VersionInfo>
                    <VersionInfo Name="Build">97</VersionInfo>
                    <VersionInfo Name="Debug">True</VersionInfo>
                    <VersionInfo Name="PreRelease">False</VersionInfo>
                    <VersionInfo Name="Special">False</VersionInfo>
                    <VersionInfo Name="Private">False</VersionInfo>
                    <VersionInfo Name="DLL">False</VersionInfo>
                    <VersionInfo Name="Locale">2057</VersionInfo>
                    <VersionInfo Name="CodePage">1252</VersionInfo>
                </VersionInfo>
                <VersionInfoKeys>
                    <VersionInfoKeys Name="CompanyName">Carmak AB</VersionInfoKeys>
                    <VersionInfoKeys Name="FileDescription">VIS</VersionInfoKeys>
                    <VersionInfoKeys Name="FileVersion">2.1.2.97</VersionInfoKeys>
                    <VersionInfoKeys Name="InternalName">VIS</VersionInfoKeys>
                    <VersionInfoKeys Name="LegalCopyright"/>
                    <VersionInfoKeys Name="LegalTrademarks"/>
                    <VersionInfoKeys Name="OriginalFilename">VIS.exe</VersionInfoKeys>
                    <VersionInfoKeys Name="ProductName">Vida Information Systems</VersionInfoKeys>
                    <VersionInfoKeys Name="ProductVersion">Production version</VersionInfoKeys>
                    <VersionInfoKeys Name="Comments"/>
                </VersionInfoKeys>
                <Excluded_Packages>
                    <Excluded_Packages Name="C:\Program Files (x86)\DevExpress VCL\Library\RS20\dcldxPSLnksRS20.bpl">ExpressPrinting System ReportLinks (Standard) by Developer Express Inc.</Excluded_Packages>
                    <Excluded_Packages Name="C:\Program Files (x86)\DevExpress VCL\Library\RS20\dcldxPScxPivotGridLnkRS20.bpl">ExpressPrinting System ReportLink for ExpressPivotGrid by Developer Express Inc.</Excluded_Packages>
                    <Excluded_Packages Name="C:\Program Files (x86)\DevExpress VCL\Library\RS20\dcldxPScxSchedulerLnkRS20.bpl">ExpressPrinting System ReportLink for ExpressScheduler by Developer Express Inc.</Excluded_Packages>
                    <Excluded_Packages Name="C:\Program Files (x86)\DevExpress VCL\Library\RS20\dcldxPScxTLLnkRS20.bpl">ExpressPrinting System ReportLink for ExpressQuantumTreeList by Developer Express Inc.</Excluded_Packages>
                    <Excluded_Packages Name="C:\Program Files (x86)\DevExpress VCL\Library\RS20\dcldxPScxVGridLnkRS20.bpl">ExpressPrinting System ReportLink for ExpressVerticalGrid by Developer Express Inc.</Excluded_Packages>
                    <Excluded_Packages Name="C:\Program Files (x86)\DevExpress VCL\Library\RS20\dcldxPSdxDBOCLnkRS20.bpl">ExpressPrinting System ReportLinks for ExpressDBOrgChart by Developer Express Inc.</Excluded_Packages>
                    <Excluded_Packages Name="C:\Program Files (x86)\DevExpress VCL\Library\RS20\dcldxPSdxFCLnkRS20.bpl">ExpressPrinting System ReportLinks for ExpressFlowChart by Developer Express Inc.</Excluded_Packages>
                    <Excluded_Packages Name="C:\Program Files (x86)\DevExpress VCL\Library\RS20\dcldxPSdxOCLnkRS20.bpl">ExpressPrinting System ReportLinks for ExpressOrgChart by Developer Express Inc.</Excluded_Packages>
                    <Excluded_Packages Name="C:\Program Files (x86)\DevExpress VCL\Library\RS20\dcldxPSDBTeeChartRS20.bpl">ExpressPrinting System ReportLink for DBTeeChart by Developer Express Inc.</Excluded_Packages>
                    <Excluded_Packages Name="C:\Program Files (x86)\DevExpress VCL\Library\RS20\dxPScxPCProdRS20.bpl">ExpressPrinting System ContainerProducer for ExpressPageControl by Developer Express Inc.</Excluded_Packages>
                    <Excluded_Packages Name="C:\Program Files (x86)\DevExpress VCL\Library\RS20\dcldxPScxCommonRS20.bpl">ExpressPrinting System Cross Platform Library by Developer Express Inc.</Excluded_Packages>
                    <Excluded_Packages Name="C:\Program Files (x86)\DevExpress VCL\Library\RS20\dcldxPScxExtCommonRS20.bpl">ExpressPrinting System Extended Cross Platform Library by Developer Express Inc.</Excluded_Packages>
                    <Excluded_Packages Name="C:\Program Files (x86)\RemObjects Software\Hydra for Delphi\Dcu\D20\win32\Hydra_IDE_D20.bpl">RemObjects Hydra - IDE Integration</Excluded_Packages>
                    <Excluded_Packages Name="$(BDSBIN)\dcloffice2k200.bpl">Microsoft Office 2000 Sample Automation Server Wrapper Components</Excluded_Packages>
                    <Excluded_Packages Name="$(BDSBIN)\dclofficexp200.bpl">Microsoft Office XP Sample Automation Server Wrapper Components</Excluded_Packages>
                </Excluded_Packages>
            </Delphi.Personality>
            <Platforms>
                <Platform value="Win32">True</Platform>
                <Platform value="Win64">False</Platform>
            </Platforms>
            <ModelSupport>True</ModelSupport>
        </BorlandProject>
        <ProjectFileVersion>12</ProjectFileVersion>
    </ProjectExtensions>
</Project>
