<Project xmlns="http://schemas.microsoft.com/developer/msbuild/2003">
    <PropertyGroup>
        <ProjectGuid>{44411B54-35B5-4DF9-8ADF-E73EDFC21DE0}</ProjectGuid>
        <MainSource>VIS.dpr</MainSource>
        <Base>True</Base>
        <Config Condition="'$(Config)'==''">Debug</Config>
        <AppType>Application</AppType>
        <FrameworkType>VCL</FrameworkType>
        <DCC_DCCCompiler>DCC32</DCC_DCCCompiler>
        <ProjectVersion>15.4</ProjectVersion>
        <Platform Condition="'$(Platform)'==''">Win32</Platform>
        <TargetedPlatforms>1</TargetedPlatforms>
    </PropertyGroup>
    <PropertyGroup Condition="'$(Config)'=='Base' or '$(Base)'!=''">
        <Base>true</Base>
    </PropertyGroup>
    <PropertyGroup Condition="('$(Platform)'=='Win32' and '$(Base)'=='true') or '$(Base_Win32)'!=''">
        <Base_Win32>true</Base_Win32>
        <CfgParent>Base</CfgParent>
        <Base>true</Base>
    </PropertyGroup>
    <PropertyGroup Condition="('$(Platform)'=='Win64' and '$(Base)'=='true') or '$(Base_Win64)'!=''">
        <Base_Win64>true</Base_Win64>
        <CfgParent>Base</CfgParent>
        <Base>true</Base>
    </PropertyGroup>
    <PropertyGroup Condition="'$(Config)'=='Release' or '$(Cfg_1)'!=''">
        <Cfg_1>true</Cfg_1>
        <CfgParent>Base</CfgParent>
        <Base>true</Base>
    </PropertyGroup>
    <PropertyGroup Condition="'$(Config)'=='Debug' or '$(Cfg_2)'!=''">
        <Cfg_2>true</Cfg_2>
        <CfgParent>Base</CfgParent>
        <Base>true</Base>
    </PropertyGroup>
    <PropertyGroup Condition="('$(Platform)'=='Win32' and '$(Cfg_2)'=='true') or '$(Cfg_2_Win32)'!=''">
        <Cfg_2_Win32>true</Cfg_2_Win32>
        <CfgParent>Cfg_2</CfgParent>
        <Cfg_2>true</Cfg_2>
        <Base>true</Base>
    </PropertyGroup>
    <PropertyGroup Condition="'$(Base)'!=''">
        <SanitizedProjectName>VIS</SanitizedProjectName>
        <VerInfo_Build>97</VerInfo_Build>
        <VerInfo_Debug>true</VerInfo_Debug>
        <VerInfo_Keys>CompanyName=Carmak AB;FileDescription=VIS;FileVersion=2.1.2.97;InternalName=VIS;LegalCopyright=;LegalTrademarks=;OriginalFilename=VIS.exe;ProductName=Vida Information Systems;ProductVersion=Production version;Comments=</VerInfo_Keys>
        <VerInfo_IncludeVerInfo>true</VerInfo_IncludeVerInfo>
        <DCC_Namespace>Vcl;Vcl.Imaging;Vcl.Touch;Vcl.Samples;Vcl.Shell;System;Xml;Data;Datasnap;Web;Soap;Winapi;Bde;$(DCC_Namespace)</DCC_Namespace>
        <VerInfo_MajorVer>2</VerInfo_MajorVer>
        <VerInfo_MinorVer>1</VerInfo_MinorVer>
        <VerInfo_Locale>2057</VerInfo_Locale>
        <VerInfo_Release>2</VerInfo_Release>
        <DCC_ImageBase>00400000</DCC_ImageBase>
        <DCC_ExeOutput>EXE</DCC_ExeOutput>
        <DCC_UsePackage>vcl;rtl;dbrtl;adortl;vcldb;vclx;bdertl;vcldbx;ibxpress;dsnap;cds;bdecds;qrpt;teeui;teedb;tee;dss;teeqr;visualclx;visualdbclx;dsnapcrba;dsnapcon;VclSmp;vclshlctrls;vclie;xmlrtl;inet;inetdbbde;inetdbxpress;inetdb;nmfast;webdsnap;websnap;dbexpress;dbxcds;indy;dclOffice2k;CICS;ADOX;LECSGeneral;Harris;SqlDir60;kbmMemD6Run;$(DCC_UsePackage)</DCC_UsePackage>
        <DCC_MapFile>3</DCC_MapFile>
        <DCC_Description>Comms Component for SysMedia test app</DCC_Description>
        <DCC_RangeChecking>true</DCC_RangeChecking>
        <DCC_Define>LOGGER;EUREKALOG;EUREKALOG_VER6; PROFILE;$(DCC_Define)</DCC_Define>
        <DCC_Optimize>false</DCC_Optimize>
        <DCC_UNSAFE_TYPE>true</DCC_UNSAFE_TYPE>
        <DCC_K>false</DCC_K>
        <DCC_F>false</DCC_F>
        <DCC_S>false</DCC_S>
        <DCC_N>true</DCC_N>
        <DCC_E>false</DCC_E>
        <DCC_UNSAFE_CAST>true</DCC_UNSAFE_CAST>
        <DCC_UNSAFE_CODE>true</DCC_UNSAFE_CODE>
        <DCC_DcuOutput>DCU</DCC_DcuOutput>
        <DCC_SymbolReferenceInfo>1</DCC_SymbolReferenceInfo>
    </PropertyGroup>
    <PropertyGroup Condition="'$(Base_Win32)'!=''">
        <VerInfo_IncludeVerInfo>true</VerInfo_IncludeVerInfo>
        <Icon_MainIcon>VIS_Icon.ico</Icon_MainIcon>
        <DCC_Namespace>System.Win;Data.Win;Datasnap.Win;Web.Win;Soap.Win;Xml.Win;$(DCC_Namespace)</DCC_Namespace>
        <VerInfo_Locale>1033</VerInfo_Locale>
        <Manifest_File>$(BDS)\bin\default_app.manifest</Manifest_File>
        <VerInfo_Keys>CompanyName=;FileDescription=;FileVersion=1.0.0.0;InternalName=;LegalCopyright=;LegalTrademarks=;OriginalFilename=;ProductName=;ProductVersion=1.0.0.0;Comments=</VerInfo_Keys>
    </PropertyGroup>
    <PropertyGroup Condition="'$(Base_Win64)'!=''">
        <Icon_MainIcon>VIS_Icon.ico</Icon_MainIcon>
    </PropertyGroup>
    <PropertyGroup Condition="'$(Cfg_1)'!=''">
        <DCC_LocalDebugSymbols>false</DCC_LocalDebugSymbols>
        <DCC_Define>RELEASE;$(DCC_Define)</DCC_Define>
        <DCC_SymbolReferenceInfo>0</DCC_SymbolReferenceInfo>
        <DCC_DebugInformation>0</DCC_DebugInformation>
    </PropertyGroup>
    <PropertyGroup Condition="'$(Cfg_2)'!=''">
        <DCC_Define>DEBUG;$(DCC_Define)</DCC_Define>
        <DCC_GenerateStackFrames>true</DCC_GenerateStackFrames>
    </PropertyGroup>
    <PropertyGroup Condition="'$(Cfg_2_Win32)'!=''">
        <DCC_Define>_VER7;_VER7;$(DCC_Define)</DCC_Define>
        <VerInfo_Release>3</VerInfo_Release>
        <VerInfo_Build>48</VerInfo_Build>
        <VerInfo_Keys>CompanyName=;FileDescription=;FileVersion=2.1.3.48;InternalName=;LegalCopyright=;LegalTrademarks=;OriginalFilename=;ProductName=;ProductVersion=1.0.0.0;Comments=</VerInfo_Keys>
        <VerInfo_Locale>1033</VerInfo_Locale>
    </PropertyGroup>
    <ItemGroup>
        <DelphiCompile Include="$(MainSource)">
            <MainSource>MainSource</MainSource>
        </DelphiCompile>
        <DCCReference Include="fMain.pas">
            <Form>frmMain</Form>
        </DCCReference>
        <DCCReference Include="VidaConst.pas"/>
        <DCCReference Include="dmsDataConn.pas">
            <Form>dmsConnector</Form>
            <DesignClass>TDataModule</DesignClass>
        </DCCReference>
        <DCCReference Include="frmDBAdmin.pas">
            <Form>dlgDBAdmin</Form>
        </DCCReference>
        <DCCReference Include="uEncode.pas"/>
        <DCCReference Include="VidaUtils.pas"/>
        <DCCReference Include="dmsVidaSystem.pas">
            <Form>dmsSystem</Form>
            <DesignClass>TDataModule</DesignClass>
        </DCCReference>
        <DCCReference Include="dmcVidaSystem.pas">
            <Form>dmcSystem</Form>
            <DesignClass>TDataModule</DesignClass>
        </DCCReference>
        <DCCReference Include="VidaType.pas"/>
        <DCCReference Include="fDBForm.pas">
            <Form>frmDBForm</Form>
        </DCCReference>
        <DCCReference Include="dmsVidaContact.pas">
            <Form>dmsContact</Form>
            <DesignClass>TDataModule</DesignClass>
        </DCCReference>
        <DCCReference Include="dmLM1.pas">
            <Form>daMoLM1</Form>
            <DesignClass>TDataModule</DesignClass>
        </DCCReference>
        <DCCReference Include="fAvrop.pas">
            <Form>frmAvrop</Form>
        </DCCReference>
        <DCCReference Include="fInvoice.pas">
            <Form>frmInvoice</Form>
        </DCCReference>
        <DCCReference Include="fInvoiceList.pas">
            <Form>frmInvoiceList</Form>
        </DCCReference>
        <DCCReference Include="fSkapaAvrakning.pas">
            <Form>frmSkapaAvrakning</Form>
        </DCCReference>
        <DCCReference Include="UnitdmModule1.pas">
            <Form>dmModule1</Form>
            <DesignClass>TDataModule</DesignClass>
        </DCCReference>
        <DCCReference Include="fAvrakningar.pas">
            <Form>frmGjordaAvrakningar</Form>
        </DCCReference>
        <DCCReference Include="UnitSelectClient.pas">
            <Form>FormSelectClient</Form>
        </DCCReference>
        <DCCReference Include="UnitDestination.pas">
            <Form>FormDestination</Form>
        </DCCReference>
        <DCCReference Include="UnitAddress.pas">
            <Form>FormAddress</Form>
        </DCCReference>
        <DCCReference Include="UnitEnterInvoiceNo.pas">
            <Form>FormEnterInvoiceNo</Form>
        </DCCReference>
        <DCCReference Include="UnitCurrency.pas">
            <Form>FormCurrency</Form>
        </DCCReference>
        <DCCReference Include="UnitDelTerms.pas">
            <Form>FormDelTerms</Form>
        </DCCReference>
        <DCCReference Include="UnitPaymentTerms.pas">
            <Form>FormPaymentTerms</Form>
        </DCCReference>
        <DCCReference Include="UnitCRViewReport.pas">
            <Form>FormCRViewReport</Form>
        </DCCReference>
        <DCCReference Include="UnitBookingForm.pas">
            <Form>FormBookingForm</Form>
        </DCCReference>
        <DCCReference Include="dmBooking.pas">
            <Form>dm_Booking</Form>
            <DesignClass>TDataModule</DesignClass>
        </DCCReference>
        <DCCReference Include="UnitCarrier.pas">
            <Form>FormCarrier</Form>
        </DCCReference>
        <DCCReference Include="dmcAvrakning.pas">
            <Form>dm_Avrakning</Form>
            <DesignClass>TDataModule</DesignClass>
        </DCCReference>
        <DCCReference Include="UnitShippingInstruction.pas">
            <Form>frmShippingInstruction</Form>
        </DCCReference>
        <DCCReference Include="UnitKP_List.pas">
            <Form>frmKP_List</Form>
        </DCCReference>
        <DCCReference Include="dmcVidaInvoice.pas">
            <Form>dmVidaInvoice</Form>
            <DesignClass>TDataModule</DesignClass>
        </DCCReference>
        <DCCReference Include="fMoveInvPkgToInventory.pas">
            <Form>formfMoveInvPkgToInventory</Form>
        </DCCReference>
        <DCCReference Include="dlgPickPkg.pas">
            <Form>frmPackagePicker</Form>
        </DCCReference>
        <DCCReference Include="UnitPackageEntry.pas">
            <Form>frmPackageEntry</Form>
        </DCCReference>
        <DCCReference Include="dmsVidaProduct.pas">
            <Form>dmsProduct</Form>
            <DesignClass>TDataModule</DesignClass>
        </DCCReference>
        <DCCReference Include="UnitPkgNoSeries.pas">
            <Form>frmPkgNoSeries</Form>
        </DCCReference>
        <DCCReference Include="dmcVidaOrder.pas">
            <Form>dmcOrder</Form>
            <DesignClass>TDataModule</DesignClass>
        </DCCReference>
        <DCCReference Include="fLoadOrder.pas">
            <Form>frmLoadOrder</Form>
        </DCCReference>
        <DCCReference Include="UnitLoadEntrySSP.pas">
            <Form>fLoadEntrySSP</Form>
        </DCCReference>
        <DCCReference Include="dmcLoadEntrySSP.pas">
            <Form>dmLoadEntrySSP</Form>
            <DesignClass>TDataModule</DesignClass>
        </DCCReference>
        <DCCReference Include="UnitLoadArrivals.pas">
            <Form>frmLoadArrivals</Form>
        </DCCReference>
        <DCCReference Include="dmc_ArrivingLoads.pas">
            <Form>dmArrivingLoads</Form>
            <DesignClass>TDataModule</DesignClass>
        </DCCReference>
        <DCCReference Include="UnitPkgInfo.pas">
            <Form>frmPkgInfo</Form>
        </DCCReference>
        <DCCReference Include="UnitPkgNo.pas">
            <Form>frmPkgNo</Form>
        </DCCReference>
        <DCCReference Include="UnitSokAvropFormular.pas">
            <Form>frmSokAvropFormular</Form>
        </DCCReference>
        <DCCReference Include="dmSokFormular.pas">
            <Form>dm_SokFormular</Form>
            <DesignClass>TDataModule</DesignClass>
        </DCCReference>
        <DCCReference Include="UnitAvrakningar.pas">
            <Form>frmAvrakningar</Form>
        </DCCReference>
        <DCCReference Include="uFreightLoad.pas">
            <Form>frmFreightLoad</Form>
        </DCCReference>
        <DCCReference Include="uUserPreference.pas">
            <Form>fUserPreference</Form>
        </DCCReference>
        <DCCReference Include="UnitCRPrintReport.pas">
            <Form>FormCRPrintReport</Form>
        </DCCReference>
        <DCCReference Include="uStickyNote.pas">
            <Form>frmStickyNote</Form>
        </DCCReference>
        <DCCReference Include="uGenShipCost.pas">
            <Form>frmGenShipCost</Form>
        </DCCReference>
        <DCCReference Include="dlgPickPkg_II.pas">
            <Form>frmPackagePicker_II</Form>
        </DCCReference>
        <DCCReference Include="uEntryField.pas">
            <Form>fEntryField</Form>
        </DCCReference>
        <DCCReference Include="fAttestInvoice.pas">
            <Form>frmAttestInvoice</Form>
        </DCCReference>
        <DCCReference Include="fSelectInvoice.pas">
            <Form>frmSelectInvoice</Form>
        </DCCReference>
        <DCCReference Include="uBasMatPunkter.pas">
            <Form>fBasMatPunkter</Form>
        </DCCReference>
        <DCCReference Include="uMultiplaShippers.pas">
            <Form>fMultiplaShippers</Form>
        </DCCReference>
        <DCCReference Include="UnotInvoicedReport.pas">
            <Form>fnotInvoicedReport</Form>
        </DCCReference>
        <DCCReference Include="uSamlingsfaktura.pas">
            <Form>fSamlingsfaktura</Form>
        </DCCReference>
        <DCCReference Include="ULastLista.pas">
            <Form>fLastLista</Form>
        </DCCReference>
        <DCCReference Include="uPickPkgNo.pas">
            <Form>fPickPkgNo</Form>
        </DCCReference>
        <DCCReference Include="uScanLoadPkgNo.pas">
            <Form>fScanLoadPkgNo</Form>
        </DCCReference>
        <DCCReference Include="Recerror.pas">
            <Form>ReconcileErrorForm</Form>
        </DCCReference>
        <DCCReference Include="uConfirmCodeDialog.pas">
            <Form>frmConfirmCodeDialog</Form>
        </DCCReference>
        <DCCReference Include="uLanguage.pas">
            <Form>frmLanguage</Form>
        </DCCReference>
        <DCCReference Include="uSelectShipper.pas">
            <Form>fSelectShipper</Form>
        </DCCReference>
        <DCCReference Include="uSelectLIP.pas">
            <Form>fSelectLIP</Form>
        </DCCReference>
        <DCCReference Include="uAnkomstRegProgress.pas">
            <Form>fAnkomstRegProgress</Form>
        </DCCReference>
        <DCCReference Include="uSelectLoadPlanDest.pas">
            <Form>fSelectLoadPlanDest</Form>
        </DCCReference>
        <DCCReference Include="UnitCRPrintOneReport.pas">
            <Form>FormCRPrintOneReport</Form>
        </DCCReference>
        <DCCReference Include="UnitCRExportOneReport.pas">
            <Form>FormCRExportOneReport</Form>
        </DCCReference>
        <DCCReference Include="uSendMapiMail.pas">
            <Form>dm_SendMapiMail</Form>
            <DesignClass>TDataModule</DesignClass>
        </DCCReference>
        <DCCReference Include="uSelectMultInvoice.pas">
            <Form>fSelectMultInvoice</Form>
        </DCCReference>
        <DCCReference Include="dmcLoadEntryCSD.pas">
            <Form>dmLoadEntryCSD</Form>
            <DesignClass>TDataModule</DesignClass>
        </DCCReference>
        <DCCReference Include="UnitLoadEntryCSD.pas">
            <Form>fLoadEntryCSD</Form>
        </DCCReference>
        <DCCReference Include="uAddSpecialLengths.pas">
            <Form>fAddSpecialLengths</Form>
        </DCCReference>
        <DCCReference Include="uSearchRunNo.pas">
            <Form>fSearchRunNo</Form>
        </DCCReference>
        <DCCReference Include="dmc_ImportWoodx.pas">
            <Form>dm_ImportWoodx</Form>
            <DesignClass>TDataModule</DesignClass>
        </DCCReference>
        <DCCReference Include="uSelectWoodxClient.pas">
            <Form>fSelectWoodxClient</Form>
        </DCCReference>
        <DCCReference Include="dmc_UserProps.pas">
            <Form>dm_UserProps</Form>
            <DesignClass>TDataModule</DesignClass>
        </DCCReference>
        <DCCReference Include="uWait.pas">
            <Form>fWait</Form>
        </DCCReference>
        <DCCReference Include="UPortArrivals.pas">
            <Form>frmPortArrivals</Form>
        </DCCReference>
        <DCCReference Include="uSokAvropMall.pas">
            <Form>fSokAvropMall</Form>
        </DCCReference>
        <DCCReference Include="..\..\CommonUnits\UnitAboutBox.pas">
            <Form>AboutBox</Form>
        </DCCReference>
        <DCCReference Include="..\..\CommonUnits\VidaUser.pas"/>
        <DCCReference Include="uChangeLogins.pas">
            <Form>OKHelpBottomDlg</Form>
        </DCCReference>
        <DCCReference Include="uChkAvrLoads.pas">
            <Form>fChkAvrLoads</Form>
        </DCCReference>
        <DCCReference Include="uInvoiceWizard.pas">
            <Form>fInvoiceWizard</Form>
        </DCCReference>
        <DCCReference Include="uShowMemo.pas">
            <Form>fShowMemo</Form>
        </DCCReference>
        <DCCReference Include="uLOLengths.pas">
            <Form>fLOLengths</Form>
        </DCCReference>
        <DCCReference Include="uLoadOrderListSetup.pas">
            <Form>fLoadOrderListSetup</Form>
        </DCCReference>
        <DCCReference Include="uTradingLinkMult.pas">
            <Form>fTradingLinkMult</Form>
        </DCCReference>
        <DCCReference Include="dmcVidaLO.pas">
            <Form>dmcLO</Form>
            <DesignClass>TDataModule</DesignClass>
        </DCCReference>
        <DCCReference Include="uInScannedPkgs.pas">
            <Form>fInScannedPkgs</Form>
        </DCCReference>
        <DCCReference Include="uSelectLaststalleAndShipto.pas">
            <Form>fSelectLastStalleAndShipTo</Form>
        </DCCReference>
        <DCCReference Include="uFreightAvrSearch.pas">
            <Form>fFreightAvrSearch</Form>
        </DCCReference>
        <DCCReference Include="uSelectLONoByInvoiceSerie.pas">
            <Form>fSelectLONoByInvoiceSerie</Form>
        </DCCReference>
        <DCCReference Include="uLoadOrderSearch.pas">
            <Form>fLoadOrderSearch</Form>
        </DCCReference>
        <DCCReference Include="uSelectBTHorBTB.pas">
            <Form>fSelectBTHorBTB</Form>
        </DCCReference>
        <DCCReference Include="uSelectFSFileName.pas">
            <Form>fSelectFSFileName</Form>
        </DCCReference>
        <DCCReference Include="uKundspecifika.pas">
            <Form>fKundspecifika</Form>
        </DCCReference>
        <DCCReference Include="uAddKundSpecifika.pas">
            <Form>fAddKundSpecifika</Form>
        </DCCReference>
        <DCCReference Include="fBaseFormA.pas">
            <Form>frmBaseFormA</Form>
        </DCCReference>
        <DCCReference Include="uArticle.pas">
            <Form>fArticle</Form>
        </DCCReference>
        <DCCReference Include="uKontoLogik.pas">
            <Form>fKontoLogik</Form>
        </DCCReference>
        <DCCReference Include="uBaseListForm.pas">
            <Form>fBaseListForm</Form>
        </DCCReference>
        <DCCReference Include="uOrderStocken.pas">
            <Form>fOrderStocken</Form>
        </DCCReference>
        <DCCReference Include="uIntrastat.pas">
            <Form>fIntrastat</Form>
        </DCCReference>
        <DCCReference Include="uTradingAnalyze.pas">
            <Form>fTradingAnalyze</Form>
        </DCCReference>
        <DCCReference Include="uShowInvTrfLog.pas">
            <Form>fShowInvTrfLog</Form>
        </DCCReference>
        <DCCReference Include="uFreightExternLoad.pas">
            <Form>frmFreightExternLoad</Form>
        </DCCReference>
        <DCCReference Include="uPayControl.pas">
            <Form>fPayControl</Form>
        </DCCReference>
        <DCCReference Include="uAttest_SetHdrInfo.pas">
            <Form>fAttest_SetHdrInfo</Form>
        </DCCReference>
        <DCCReference Include="uSelectAttBeskrivning.pas">
            <Form>fSelectAttBeskrivning</Form>
        </DCCReference>
        <DCCReference Include="uFastReports.pas">
            <Form>dmFR</Form>
            <DesignClass>TDataModule</DesignClass>
        </DCCReference>
        <DCCReference Include="uExportLoadPurpose.pas">
            <Form>fExportLoadPurpose</Form>
        </DCCReference>
        <DCCReference Include="uPickVPPkgs.pas">
            <Form>fPickVPPkgs</Form>
        </DCCReference>
        <DCCReference Include="uCreditGrpClients.pas">
            <Form>frmCreditGrpClients</Form>
        </DCCReference>
        <DCCReference Include="uSelectCustomer.pas">
            <Form>frmSelectCustomer</Form>
        </DCCReference>
        <DCCReference Include="uCredit.pas">
            <Form>frmCredit</Form>
        </DCCReference>
        <DCCReference Include="uImportedPackages.pas">
            <Form>fImportedPackages</Form>
        </DCCReference>
        <DCCReference Include="uEntryPriceField.pas">
            <Form>fEntryPriceField</Form>
        </DCCReference>
        <DCCReference Include="uVerifikationLogg.pas">
            <Form>fVerifikationLogg</Form>
        </DCCReference>
        <DCCReference Include="uCreditLimitAnalys.pas">
            <Form>frmCreditLimitAnalys</Form>
        </DCCReference>
        <DCCReference Include="fShipToAddress.pas">
            <Form>frmShipToAddress</Form>
        </DCCReference>
        <DCCReference Include="uCity.pas">
            <Form>fCity</Form>
        </DCCReference>
        <DCCReference Include="uCountry.pas">
            <Form>fCountry</Form>
        </DCCReference>
        <DCCReference Include="uOrderStockDetails.pas">
            <Form>fOrderStockDetails</Form>
        </DCCReference>
        <DCCReference Include="uAccInv.pas">
            <Form>fAccInv</Form>
        </DCCReference>
        <DCCReference Include="uLockedLoads.pas">
            <Form>frmLockLoads</Form>
        </DCCReference>
        <DCCReference Include="uReportStatics.pas">
            <Form>fReportStatics</Form>
        </DCCReference>
        <DCCReference Include="uStef.pas">
            <Form>fStef</Form>
        </DCCReference>
        <DCCReference Include="..\..\Bangheng Software Technology\Woodx\Aug 31B dbExpress\DeliveryMessageWoodV2R31.pas"/>
        <DCCReference Include="..\..\Bangheng Software Technology\Woodx\Aug 31B dbExpress\MainU.pas">
            <Form>XMLImportExport</Form>
        </DCCReference>
        <DCCReference Include="..\..\Bangheng Software Technology\Woodx\Aug 31B dbExpress\PackageExportU.pas"/>
        <DCCReference Include="..\..\Bangheng Software Technology\Woodx\Aug 31B dbExpress\PackageImportU.pas"/>
        <DCCReference Include="uSelectLORowInLoad.pas">
            <Form>fSelectLORowInLoad</Form>
        </DCCReference>
        <DCCReference Include="uconfirm.pas">
            <Form>fConfirm</Form>
        </DCCReference>
        <DCCReference Include="uEnterLoadWeight.pas">
            <Form>fEnterLoadWeight</Form>
        </DCCReference>
        <DCCReference Include="uSelectPrintDevice.pas">
            <Form>fSelectPrintDevice</Form>
        </DCCReference>
        <DCCReference Include="uAvdelning.pas">
            <Form>fAvdelning</Form>
            <FormType>dfm</FormType>
        </DCCReference>
        <DCCReference Include="USelectLIPNo.pas">
            <Form>fSelectLIPNo</Form>
            <FormType>dfm</FormType>
        </DCCReference>
        <DCCReference Include="CR_Plugin_Import.pas"/>
        <DCCReference Include="PreviewForm.pas">
            <Form>Form2</Form>
        </DCCReference>
        <DCCReference Include="PrintUnit.pas"/>
        <DCCReference Include="uUnConnectedPackages.pas">
            <Form>fUnConnectedPackages</Form>
            <FormType>dfm</FormType>
        </DCCReference>
        <DCCReference Include="uPrintTest.pas">
            <Form>fPrintTest</Form>
            <FormType>dfm</FormType>
        </DCCReference>
        <None Include="VIS.todo"/>
        <BuildConfiguration Include="Debug">
            <Key>Cfg_2</Key>
            <CfgParent>Base</CfgParent>
        </BuildConfiguration>
        <BuildConfiguration Include="Base">
            <Key>Base</Key>
        </BuildConfiguration>
        <BuildConfiguration Include="Release">
            <Key>Cfg_1</Key>
            <CfgParent>Base</CfgParent>
        </BuildConfiguration>
    </ItemGroup>
    <Import Condition="Exists('$(BDS)\Bin\CodeGear.Delphi.Targets')" Project="$(BDS)\Bin\CodeGear.Delphi.Targets"/>
    <Import Condition="Exists('$(APPDATA)\Embarcadero\$(BDSAPPDATABASEDIR)\$(PRODUCTVERSION)\UserTools.proj')" Project="$(APPDATA)\Embarcadero\$(BDSAPPDATABASEDIR)\$(PRODUCTVERSION)\UserTools.proj"/>
    <ProjectExtensions>
        <Borland.Personality>Delphi.Personality.12</Borland.Personality>
        <Borland.ProjectType>VCLApplication</Borland.ProjectType>
        <BorlandProject>
            <Delphi.Personality>
                <Source>
                    <Source Name="MainSource">VIS.dpr</Source>
                </Source>
                <VersionInfo>
                    <VersionInfo Name="IncludeVerInfo">True</VersionInfo>
                    <VersionInfo Name="AutoIncBuild">False</VersionInfo>
                    <VersionInfo Name="MajorVer">2</VersionInfo>
                    <VersionInfo Name="MinorVer">1</VersionInfo>
                    <VersionInfo Name="Release">2</VersionInfo>
                    <VersionInfo Name="Build">97</VersionInfo>
                    <VersionInfo Name="Debug">True</VersionInfo>
                    <VersionInfo Name="PreRelease">False</VersionInfo>
                    <VersionInfo Name="Special">False</VersionInfo>
                    <VersionInfo Name="Private">False</VersionInfo>
                    <VersionInfo Name="DLL">False</VersionInfo>
                    <VersionInfo Name="Locale">2057</VersionInfo>
                    <VersionInfo Name="CodePage">1252</VersionInfo>
                </VersionInfo>
                <VersionInfoKeys>
                    <VersionInfoKeys Name="CompanyName">Carmak AB</VersionInfoKeys>
                    <VersionInfoKeys Name="FileDescription">VIS</VersionInfoKeys>
                    <VersionInfoKeys Name="FileVersion">2.1.2.97</VersionInfoKeys>
                    <VersionInfoKeys Name="InternalName">VIS</VersionInfoKeys>
                    <VersionInfoKeys Name="LegalCopyright"/>
                    <VersionInfoKeys Name="LegalTrademarks"/>
                    <VersionInfoKeys Name="OriginalFilename">VIS.exe</VersionInfoKeys>
                    <VersionInfoKeys Name="ProductName">Vida Information Systems</VersionInfoKeys>
                    <VersionInfoKeys Name="ProductVersion">Production version</VersionInfoKeys>
                    <VersionInfoKeys Name="Comments"/>
                </VersionInfoKeys>
                <Excluded_Packages>
                    <Excluded_Packages Name="C:\Program Files (x86)\RemObjects Software\RemObjects SDK for Delphi\Dcu\D16\win32\RemObjects_IDE_D16.bpl">RemObjects SDK - IDE Integration for Win32</Excluded_Packages>
                    <Excluded_Packages Name="C:\Program Files (x86)\RemObjects Software\RemObjects SDK for Delphi\Dcu\D16\win32\RemObjects_WebBroker_D16.bpl">RemObjects SDK - WebBroker Library</Excluded_Packages>
                    <Excluded_Packages Name="C:\Program Files (x86)\RemObjects Software\RemObjects SDK for Delphi\Dcu\D16\win32\RemObjects_Indy_D16.bpl">RemObjects SDK - Indy Library</Excluded_Packages>
                    <Excluded_Packages Name="C:\Program Files (x86)\RemObjects Software\Data Abstract for Delphi\Dcu\D16\win32\DataAbstract_IDE_D16.bpl">RemObjects Data Abstract - IDE Package</Excluded_Packages>
                    <Excluded_Packages Name="C:\Program Files (x86)\RemObjects Software\Data Abstract for Delphi\Dcu\D16\win32\DataAbstract_DBXDriver_Enterprise_D16.bpl">RemObjects Data Abstract - dbExpress Driver Enterprise</Excluded_Packages>
                    <Excluded_Packages Name="C:\Program Files (x86)\RemObjects Software\Hydra for Delphi\Dcu\D16\win32\Hydra_IDE_D16.bpl">RemObjects Hydra - IDE Integration</Excluded_Packages>
                    <Excluded_Packages Name="$(BDSBIN)\dclbindcompvcl160.bpl">Embarcadero LiveBindings Components VCL</Excluded_Packages>
                    <Excluded_Packages Name="C:\Program Files (x86)\Steema Software\TeeChart 2012 for RAD XE2\Delphi16.win32\Bin\DclTeePro916.bpl">TeeChart Pro 2012 VCL Components</Excluded_Packages>
                    <Excluded_Packages Name="$(BDSBIN)\dcloffice2k160.bpl">Microsoft Office 2000 Sample Automation Server Wrapper Components</Excluded_Packages>
                    <Excluded_Packages Name="$(BDSBIN)\dclofficexp160.bpl">Microsoft Office XP Sample Automation Server Wrapper Components</Excluded_Packages>
                    <Excluded_Packages Name="$(BDSBIN)\bcboffice2k160.bpl">Embarcadero C++Builder Office 2000 Servers Package</Excluded_Packages>
                    <Excluded_Packages Name="$(BDSBIN)\bcbofficexp160.bpl">Embarcadero C++Builder Office XP Servers Package</Excluded_Packages>
                    <Excluded_Packages Name="C:\Users\Public\Documents\RAD Studio\9.0\BPL\QExport4DT_C16.bpl">EMS Advanced Export Component Suite (C++)</Excluded_Packages>
                    <Excluded_Packages Name="C:\Users\Public\Documents\RAD Studio\9.0\BPL\QImport3DT_C16.bpl">EMS Advanced Import Component Suite (C++)</Excluded_Packages>
                    <Excluded_Packages Name="C:\Program Files (x86)\FastReports\FastReport 4\LibD16\dclfrxtee16.bpl">(untitled)</Excluded_Packages>
                    <Excluded_Packages Name="C:\Program Files (x86)\RemObjects Software\RemObjects SDK for Delphi\Dcu\D16\win32\RemObjects_FMX_D16.bpl">RemObjects SDK - Core Library (FMX)</Excluded_Packages>
                    <Excluded_Packages Name="C:\Program Files (x86)\RemObjects Software\Data Abstract for Delphi\Dcu\D16\win32\DataAbstract_FMX_D16.bpl">RemObjects Data Abstract - FMX Library</Excluded_Packages>
                    <Excluded_Packages Name="C:\Program Files (x86)\RemObjects Software\Hydra for Delphi\Dcu\D16\win32\Hydra_FMX_D16.bpl">RemObjects Hydra - Core FMX Library</Excluded_Packages>
                    <Excluded_Packages Name="C:\Program Files (x86)\RemObjects Software\Hydra for Delphi\Dcu\D16\win32\Hydra_IDE_FMX_D16.bpl">RemObjects Hydra - IDE FMX Integration</Excluded_Packages>
                    <Excluded_Packages Name="C:\Program Files (x86)\Steema Software\TeeChart 2012 for RAD XE2\Delphi16.win32\Bin\DclFMXTeePro916.bpl">TeeChart Pro 2012 for FireMonkey Components</Excluded_Packages>
                </Excluded_Packages>
            </Delphi.Personality>
            <Platforms>
                <Platform value="Win32">True</Platform>
                <Platform value="Win64">False</Platform>
            </Platforms>
            <ModelSupport>False</ModelSupport>
        </BorlandProject>
        <ProjectFileVersion>12</ProjectFileVersion>
    </ProjectExtensions>
</Project>
